// !$*UTF8*$!
{
	archiveVersion = 1;
	classes = {
	};
	objectVersion = 46;
	objects = {
/* Begin PBXBuildFile section */
		0207DA581B56EA530066E2B4 /* Images.xcassets in Resources */ = {isa = PBXBuildFile; fileRef = 0207DA571B56EA530066E2B4 /* Images.xcassets */; };
		1D3623260D0F684500981E51 /* AppDelegate.m in Sources */ = {isa = PBXBuildFile; fileRef = 1D3623250D0F684500981E51 /* AppDelegate.m */; };
		1D60589B0D05DD56006BFB54 /* main.m in Sources */ = {isa = PBXBuildFile; fileRef = 29B97316FDCFA39411CA2CEA /* main.m */; };
		301BF552109A68D80062928A /* libCordova.a in Frameworks */ = {isa = PBXBuildFile; fileRef = 301BF535109A57CC0062928A /* libCordova.a */; };
		302D95F114D2391D003F00A1 /* MainViewController.m in Sources */ = {isa = PBXBuildFile; fileRef = 302D95EF14D2391D003F00A1 /* MainViewController.m */; };
		302D95F214D2391D003F00A1 /* MainViewController.xib in Resources */ = {isa = PBXBuildFile; fileRef = 302D95F014D2391D003F00A1 /* MainViewController.xib */; };
		3047A5121AB8059700498E2A /* build-debug.xcconfig in Resources */ = {isa = PBXBuildFile; fileRef = 3047A50F1AB8059700498E2A /* build-debug.xcconfig */; };
		3047A5131AB8059700498E2A /* build-release.xcconfig in Resources */ = {isa = PBXBuildFile; fileRef = 3047A5101AB8059700498E2A /* build-release.xcconfig */; };
		3047A5141AB8059700498E2A /* build.xcconfig in Resources */ = {isa = PBXBuildFile; fileRef = 3047A5111AB8059700498E2A /* build.xcconfig */; };
		6AFF5BF91D6E424B00AB3073 /* CDVLaunchScreen.storyboard in Resources */ = {isa = PBXBuildFile; fileRef = 6AFF5BF81D6E424B00AB3073 /* CDVLaunchScreen.storyboard */; };
		D4A71620CE80482B8673DC0A /* NativeStorage.m in Sources */ = {isa = PBXBuildFile; fileRef = 965EF8AEE6704C5BAA018059 /* NativeStorage.m */; };
		7003B8CD2C8F4E5EBF400F8D /* CDVDevice.m in Sources */ = {isa = PBXBuildFile; fileRef = 482B3A5EC13C408FADFB1C7E /* CDVDevice.m */; };
		0007C7586E8A40C88FAB658F /* CDVSplashScreen.m in Sources */ = {isa = PBXBuildFile; fileRef = 61FBE70E243D41EC9B5600FD /* CDVSplashScreen.m */; };
		CF58749A649947AEA184C2B2 /* CDVViewController+SplashScreen.m in Sources */ = {isa = PBXBuildFile; fileRef = A608762C3F354B21BD709901 /* CDVViewController+SplashScreen.m */; };
		671297550D3C4622A159CB28 /* CDVWKWebViewEngine.m in Sources */ = {isa = PBXBuildFile; fileRef = 5D32B1EE771A4A87844D0986 /* CDVWKWebViewEngine.m */; };
		9E1E1D39DFBE454AB4B7ED38 /* CDVWKWebViewUIDelegate.m in Sources */ = {isa = PBXBuildFile; fileRef = D1D40F70A4934C04BB64F1F7 /* CDVWKWebViewUIDelegate.m */; };
		7E5174923B204C7F8973E8AA /* CDVWKProcessPoolFactory.m in Sources */ = {isa = PBXBuildFile; fileRef = FFD791C75D6B4B2D96638BED /* CDVWKProcessPoolFactory.m */; };
		15BDE9C277CE4FE3B8970302 /* GCDWebServer.m in Sources */ = {isa = PBXBuildFile; fileRef = 824B2C4C73BE4E678B26CAC9 /* GCDWebServer.m */; };
		1B5E7F1A9F814AFBB2684083 /* GCDWebServerConnection.m in Sources */ = {isa = PBXBuildFile; fileRef = 0C67D2F1510A44F8B8F23F22 /* GCDWebServerConnection.m */; };
		D51D54D3BAAC421F834071D2 /* GCDWebServerFunctions.m in Sources */ = {isa = PBXBuildFile; fileRef = 507896FAD6C145B6B77DB9AB /* GCDWebServerFunctions.m */; };
		E4AF7F94C6894E66BA18FCE5 /* GCDWebServerRequest.m in Sources */ = {isa = PBXBuildFile; fileRef = F1E763D8991246E7BF88B3F8 /* GCDWebServerRequest.m */; };
		FE41B0EAE824488F84D7045E /* GCDWebServerResponse.m in Sources */ = {isa = PBXBuildFile; fileRef = 84773D37B5E341CFBD61C15D /* GCDWebServerResponse.m */; };
		5515DBFD13B4413FA8CE65D6 /* GCDWebServerDataRequest.m in Sources */ = {isa = PBXBuildFile; fileRef = 38D803434C364848BABF125A /* GCDWebServerDataRequest.m */; };
		199C141FC53D44E28175F1B3 /* GCDWebServerFileRequest.m in Sources */ = {isa = PBXBuildFile; fileRef = 6C68990C3680413C9CEFCAB8 /* GCDWebServerFileRequest.m */; };
		29F86F33FC5F4267AFFCC4D2 /* GCDWebServerMultiPartFormRequest.m in Sources */ = {isa = PBXBuildFile; fileRef = 2D03C7742C794F18A2842A4C /* GCDWebServerMultiPartFormRequest.m */; };
		CB56BB919A2C483C9A04180F /* GCDWebServerURLEncodedFormRequest.m in Sources */ = {isa = PBXBuildFile; fileRef = A9836042627D4AA58FAFA35E /* GCDWebServerURLEncodedFormRequest.m */; };
		55E8BA035A9647498626E069 /* GCDWebServerDataResponse.m in Sources */ = {isa = PBXBuildFile; fileRef = 2447C5F96C7E43C08C8FA124 /* GCDWebServerDataResponse.m */; };
		02707AD0EB464C3C8A2A6D51 /* GCDWebServerErrorResponse.m in Sources */ = {isa = PBXBuildFile; fileRef = 397F3C0D0253424089AFD77C /* GCDWebServerErrorResponse.m */; };
		1D9C7CD17891422DB9C45236 /* GCDWebServerFileResponse.m in Sources */ = {isa = PBXBuildFile; fileRef = 3F65E3CE222B4B31B97B2262 /* GCDWebServerFileResponse.m */; };
		7BEC0D913A16494EAC28C195 /* GCDWebServerStreamedResponse.m in Sources */ = {isa = PBXBuildFile; fileRef = 25D00A3AA5B44F35A2879CD7 /* GCDWebServerStreamedResponse.m */; };
		6A0DD37F98D846F698171A49 /* WebKit.framework in Frameworks */ = {isa = PBXBuildFile; fileRef = 1FBE37D570A7484088A62236 /* WebKit.framework */; settings = {ATTRIBUTES = (Weak, ); }; };
		09EDBBDFB007484DAAC35F0A /* libz.tbd in Frameworks */ = {isa = PBXBuildFile; fileRef = 5BA8E3A3717444758CD20D55 /* libz.tbd */; };
		BAF48D96827B4BA59D77C62B /* CDVIonicKeyboard.m in Sources */ = {isa = PBXBuildFile; fileRef = 0F4E78A546D2461FAD624987 /* CDVIonicKeyboard.m */; };
		A3443E2F378241F5AE3DA2D5 /* CDVStatusBar.m in Sources */ = {isa = PBXBuildFile; fileRef = B0CADD7FF2D34C4AA8C22D57 /* CDVStatusBar.m */; };
		0D3CAA66644A41A1B2E31115 /* IonicKeyboard.m in Sources */ = {isa = PBXBuildFile; fileRef = 6598B2F37ADB40C285BE37F9 /* IonicKeyboard.m */; };
		1AAB686D618E49D48D2426FF /* CDVSplashScreen+IonicDeploy.m in Sources */ = {isa = PBXBuildFile; fileRef = 3BE4F765D23048EABC6BF919 /* CDVSplashScreen+IonicDeploy.m */; };
		E9A1256307BE4C9C86E378FE /* IonicConstant.m in Sources */ = {isa = PBXBuildFile; fileRef = 12AFEF3A65174A2D9676B5FB /* IonicConstant.m */; };
		3B01A1CEF05244AE8C02564C /* IonicDeploy.m in Sources */ = {isa = PBXBuildFile; fileRef = 5746E90CDCFB42A8AD5F91EF /* IonicDeploy.m */; };
		46F58456FB5E48D78CD23CB6 /* Download.m in Sources */ = {isa = PBXBuildFile; fileRef = 47C8EC91781846D2BD8B061A /* Download.m */; };
		13E822A2313C41A7A4E8BAA3 /* DownloadManager.m in Sources */ = {isa = PBXBuildFile; fileRef = 06DA34DC88B441C3B39EA062 /* DownloadManager.m */; };
		A7669D4882EA4D929CD60883 /* SSZipArchive.m in Sources */ = {isa = PBXBuildFile; fileRef = B796BE3907E341179060ED63 /* SSZipArchive.m */; };
		2569541041C748DFA2C259F0 /* ioapi.c in Resources */ = {isa = PBXBuildFile; fileRef = FB7FB089F7D3415FA9B0BDD9 /* ioapi.c */; };
		15F8F7D4A61F405ABF288FC3 /* unzip.c in Resources */ = {isa = PBXBuildFile; fileRef = 7396BD252E4B48A58E0A2665 /* unzip.c */; };
		7B0EBFDD8D4144828DA6A4F1 /* zip.c in Resources */ = {isa = PBXBuildFile; fileRef = 072928AD64524FA8860A21D1 /* zip.c */; };
		0093490BEDA24FAFA2AF49F4 /* adler32.c in Resources */ = {isa = PBXBuildFile; fileRef = 4C788BC94A75490BB2B943BA /* adler32.c */; };
		9D94732E58B94F3584FF98CA /* compress.c in Resources */ = {isa = PBXBuildFile; fileRef = 8C39D1937CB64F0DB17A85AF /* compress.c */; };
		C51810654378477899897824 /* crc32.c in Resources */ = {isa = PBXBuildFile; fileRef = 80F9F3C4A9924EEAA99D8E48 /* crc32.c */; };
		9DE0FC0AE61F4506A2AC4AA3 /* deflate.c in Resources */ = {isa = PBXBuildFile; fileRef = 12248F2782A246BBA05ACD73 /* deflate.c */; };
		9561480FB5624BBE8393AE1F /* gzclose.c in Resources */ = {isa = PBXBuildFile; fileRef = 24A8890A7A5F4548B6108E66 /* gzclose.c */; };
		E809182C04EA4D43BE541329 /* gzlib.c in Resources */ = {isa = PBXBuildFile; fileRef = 6E905E7A992641B6A51FF518 /* gzlib.c */; };
		5FA264931B8D4D07905726B3 /* gzread.c in Resources */ = {isa = PBXBuildFile; fileRef = B33EEF7E0D8D484EB266C7DA /* gzread.c */; };
		8A18B3E8EEA04496B395DE29 /* gzwrite.c in Resources */ = {isa = PBXBuildFile; fileRef = 8C8788E2DC674584B91F88FD /* gzwrite.c */; };
		56C0C2A22E5246439DA68C3A /* infback.c in Resources */ = {isa = PBXBuildFile; fileRef = B69450E605CF412AB1EF44BE /* infback.c */; };
		B804F28BB35C49A8B405327B /* inffast.c in Resources */ = {isa = PBXBuildFile; fileRef = 6638A6F0369048FDBBA6389C /* inffast.c */; };
		D78F3799342D4F4386C05275 /* inflate.c in Resources */ = {isa = PBXBuildFile; fileRef = D32F284F927847EBAF54FE95 /* inflate.c */; };
		686736B68B574A7FA8162170 /* inftrees.c in Resources */ = {isa = PBXBuildFile; fileRef = 0039D301D3A6455C91ED38C1 /* inftrees.c */; };
		CF651991610B4A978D6D2D4D /* trees.c in Resources */ = {isa = PBXBuildFile; fileRef = 63FFDFF21E574E4497946688 /* trees.c */; };
		C8B15B0C933D42FC9DA48BAC /* uncompr.c in Resources */ = {isa = PBXBuildFile; fileRef = 093B7C50CCC74F1B88D9FC8B /* uncompr.c */; };
		2B07C3FF009146CFBAEA1DE2 /* zutil.c in Resources */ = {isa = PBXBuildFile; fileRef = 1F469E8DA51C42FBA119005E /* zutil.c */; };
		DC36AF0CCA1C415A86C6F481 /* Base64.m in Sources */ = {isa = PBXBuildFile; fileRef = 9895EF9E96D94BF8AB52C468 /* Base64.m */; };
		051ECD52AE234B13AB26EB54 /* UNIHTTPClientHelper.m in Sources */ = {isa = PBXBuildFile; fileRef = 5734DB808D71460993DD43F8 /* UNIHTTPClientHelper.m */; };
		7A5534C1F7D047E4BBE9FB34 /* UNIHTTPRequest.m in Sources */ = {isa = PBXBuildFile; fileRef = D9F3A0047FD74916A23590DD /* UNIHTTPRequest.m */; };
		71EB98939DD74840B55D995A /* UNIHTTPRequestWithBody.m in Sources */ = {isa = PBXBuildFile; fileRef = BC03CF5502BA452596CB67E3 /* UNIHTTPRequestWithBody.m */; };
		5E89A1DD9C43454B9CD86FA6 /* UNIRest.m in Sources */ = {isa = PBXBuildFile; fileRef = 499FC369C47B4465AA81C129 /* UNIRest.m */; };
		C3DA940FF2CF451D9DE13828 /* UNIUrlConnection.m in Sources */ = {isa = PBXBuildFile; fileRef = 48AEEA88B3C1481387430A01 /* UNIUrlConnection.m */; };
		EAFB2833AB56428E82FB2882 /* UNIBaseRequest.m in Sources */ = {isa = PBXBuildFile; fileRef = 9AAE7D341225496DAA35A406 /* UNIBaseRequest.m */; };
		CFC7E8C788A94DB3944BE4F9 /* UNIBodyRequest.m in Sources */ = {isa = PBXBuildFile; fileRef = 0B3D155A535A4EC790D509EA /* UNIBodyRequest.m */; };
		39484C44328644F9932933F2 /* UNISimpleRequest.m in Sources */ = {isa = PBXBuildFile; fileRef = 448327DB3A144A5D836DD50B /* UNISimpleRequest.m */; };
		9DCDC99A64CF4333B6840E11 /* UNIHTTPBinaryResponse.m in Sources */ = {isa = PBXBuildFile; fileRef = 7C7CFE2387CC46B8AC8C6480 /* UNIHTTPBinaryResponse.m */; };
		25BB29EEB6F64A30A421F311 /* UNIHTTPJsonResponse.m in Sources */ = {isa = PBXBuildFile; fileRef = AE680424E4274BCDBB836C25 /* UNIHTTPJsonResponse.m */; };
		0560A40B83C745B0AAB0C5F7 /* UNIHTTPResponse.m in Sources */ = {isa = PBXBuildFile; fileRef = B216B90323BC4A65A5F25DF5 /* UNIHTTPResponse.m */; };
		A310FCE8FD494C689F1B2984 /* UNIHTTPStringResponse.m in Sources */ = {isa = PBXBuildFile; fileRef = A4B02E272CFF48D5BA5FBBA0 /* UNIHTTPStringResponse.m */; };
		72B2BC111C45467DA531B20A /* UNIJsonNode.m in Sources */ = {isa = PBXBuildFile; fileRef = 81395B5A600343BC9A65E58C /* UNIJsonNode.m */; };
		F09FD0FBB1AF43D2B392AFA7 /* IonicCordovaCommon.swift in Sources */ = {isa = PBXBuildFile; fileRef = EB981FACE80641C188AF5807 /* IonicCordovaCommon.swift */; };
		83B800BCF12246DC82DE375F /* AppDelegate+notification.m in Sources */ = {isa = PBXBuildFile; fileRef = 819DCBE6C271436B90ECA774 /* AppDelegate+notification.m */; };
		D778DE573F4043ECB290060B /* PushPlugin.m in Sources */ = {isa = PBXBuildFile; fileRef = 3BE654CA53354AF8B8058335 /* PushPlugin.m */; };
/* End PBXBuildFile section */

/* Begin PBXContainerItemProxy section */
		301BF534109A57CC0062928A /* PBXContainerItemProxy */ = {
			isa = PBXContainerItemProxy;
			containerPortal = 301BF52D109A57CC0062928A /* CordovaLib.xcodeproj */;
			proxyType = 2;
			remoteGlobalIDString = D2AAC07E0554694100DB518D;
			remoteInfo = CordovaLib;
		};
		301BF550109A68C00062928A /* PBXContainerItemProxy */ = {
			isa = PBXContainerItemProxy;
			containerPortal = 301BF52D109A57CC0062928A /* CordovaLib.xcodeproj */;
			proxyType = 1;
			remoteGlobalIDString = D2AAC07D0554694100DB518D;
			remoteInfo = CordovaLib;
		};
/* End PBXContainerItemProxy section */

/* Begin PBXFileReference section */
		0207DA571B56EA530066E2B4 /* Images.xcassets */ = {isa = PBXFileReference; lastKnownFileType = folder.assetcatalog; name = Images.xcassets; path = "MyApp/Images.xcassets"; sourceTree = SOURCE_ROOT; };
		1D3623240D0F684500981E51 /* AppDelegate.h */ = {isa = PBXFileReference; fileEncoding = 4; lastKnownFileType = sourcecode.c.h; path = AppDelegate.h; sourceTree = "<group>"; };
		1D3623250D0F684500981E51 /* AppDelegate.m */ = {isa = PBXFileReference; fileEncoding = 4; lastKnownFileType = sourcecode.c.objc; path = AppDelegate.m; sourceTree = "<group>"; };
		1D6058910D05DD3D006BFB54 /* MyApp.app */ = {isa = PBXFileReference; explicitFileType = wrapper.application; includeInIndex = 0; path = "MyApp.app"; sourceTree = BUILT_PRODUCTS_DIR; };
		29B97316FDCFA39411CA2CEA /* main.m */ = {isa = PBXFileReference; fileEncoding = 4; lastKnownFileType = sourcecode.c.objc; path = main.m; sourceTree = "<group>"; };
		301BF52D109A57CC0062928A /* CordovaLib.xcodeproj */ = {isa = PBXFileReference; lastKnownFileType = "wrapper.pb-project"; path = CordovaLib/CordovaLib.xcodeproj; sourceTree = "<group>"; };
		301BF56E109A69640062928A /* www */ = {isa = PBXFileReference; lastKnownFileType = folder; path = www; sourceTree = SOURCE_ROOT; };
		302D95EE14D2391D003F00A1 /* MainViewController.h */ = {isa = PBXFileReference; fileEncoding = 4; lastKnownFileType = sourcecode.c.h; path = MainViewController.h; sourceTree = "<group>"; };
		302D95EF14D2391D003F00A1 /* MainViewController.m */ = {isa = PBXFileReference; fileEncoding = 4; lastKnownFileType = sourcecode.c.objc; path = MainViewController.m; sourceTree = "<group>"; };
		302D95F014D2391D003F00A1 /* MainViewController.xib */ = {isa = PBXFileReference; fileEncoding = 4; lastKnownFileType = file.xib; path = MainViewController.xib; sourceTree = "<group>"; };
		3047A50F1AB8059700498E2A /* build-debug.xcconfig */ = {isa = PBXFileReference; fileEncoding = 4; lastKnownFileType = text.xcconfig; name = "build-debug.xcconfig"; path = cordova/build-debug.xcconfig; sourceTree = SOURCE_ROOT; };
		3047A5101AB8059700498E2A /* build-release.xcconfig */ = {isa = PBXFileReference; fileEncoding = 4; lastKnownFileType = text.xcconfig; name = "build-release.xcconfig"; path = cordova/build-release.xcconfig; sourceTree = SOURCE_ROOT; };
		3047A5111AB8059700498E2A /* build.xcconfig */ = {isa = PBXFileReference; fileEncoding = 4; lastKnownFileType = text.xcconfig; name = build.xcconfig; path = cordova/build.xcconfig; sourceTree = SOURCE_ROOT; };
		32CA4F630368D1EE00C91783 /* MyApp-Prefix.pch */ = {isa = PBXFileReference; fileEncoding = 4; lastKnownFileType = sourcecode.c.h; path = "MyApp-Prefix.pch"; sourceTree = "<group>"; };
		6AFF5BF81D6E424B00AB3073 /* CDVLaunchScreen.storyboard */ = {isa = PBXFileReference; fileEncoding = 4; lastKnownFileType = file.storyboard; name = CDVLaunchScreen.storyboard; path = "MyApp/CDVLaunchScreen.storyboard"; sourceTree = SOURCE_ROOT; };
		8D1107310486CEB800E47090 /* MyApp-Info.plist */ = {isa = PBXFileReference; fileEncoding = 4; lastKnownFileType = text.plist.xml; name = "MyApp-Info.plist"; path = "MyApp/MyApp-Info.plist"; plistStructureDefinitionIdentifier = "com.apple.xcode.plist.structure-definition.iphone.info-plist"; sourceTree = SOURCE_ROOT; };
		EB87FDF31871DA8E0020F90C /* www */ = {isa = PBXFileReference; lastKnownFileType = folder; name = www; path = ../../www; sourceTree = "<group>"; };
		EB87FDF41871DAF40020F90C /* config.xml */ = {isa = PBXFileReference; lastKnownFileType = text.xml; name = config.xml; path = ../../config.xml; sourceTree = "<group>"; };
		F840E1F0165FE0F500CFE078 /* config.xml */ = {isa = PBXFileReference; lastKnownFileType = text.xml; name = config.xml; path = "MyApp/config.xml"; sourceTree = "<group>"; };
		ED33DF2A687741AEAF9F8254 /* Bridging-Header.h */ = {isa = PBXFileReference; fileEncoding = 4; lastKnownFileType = sourcecode.c.h; name = "Bridging-Header.h"; path = "Bridging-Header.h"; sourceTree = "<group>"; };
		965EF8AEE6704C5BAA018059 /* NativeStorage.m */ = {isa = PBXFileReference; name = "NativeStorage.m"; path = "cordova-plugin-nativestorage/NativeStorage.m"; sourceTree = "<group>"; fileEncoding = 4; lastKnownFileType = sourcecode.c.objc; explicitFileType = undefined; includeInIndex = 0; };
		933731BD08EE46068F51F365 /* NativeStorage.h */ = {isa = PBXFileReference; name = "NativeStorage.h"; path = "cordova-plugin-nativestorage/NativeStorage.h"; sourceTree = "<group>"; fileEncoding = 4; lastKnownFileType = sourcecode.c.h; explicitFileType = undefined; includeInIndex = 0; };
		482B3A5EC13C408FADFB1C7E /* CDVDevice.m */ = {isa = PBXFileReference; name = "CDVDevice.m"; path = "cordova-plugin-device/CDVDevice.m"; sourceTree = "<group>"; fileEncoding = 4; lastKnownFileType = sourcecode.c.objc; explicitFileType = undefined; includeInIndex = 0; };
		8184D189F2364D7EABBE3D7C /* CDVDevice.h */ = {isa = PBXFileReference; name = "CDVDevice.h"; path = "cordova-plugin-device/CDVDevice.h"; sourceTree = "<group>"; fileEncoding = 4; lastKnownFileType = sourcecode.c.h; explicitFileType = undefined; includeInIndex = 0; };
		61FBE70E243D41EC9B5600FD /* CDVSplashScreen.m */ = {isa = PBXFileReference; name = "CDVSplashScreen.m"; path = "cordova-plugin-splashscreen/CDVSplashScreen.m"; sourceTree = "<group>"; fileEncoding = 4; lastKnownFileType = sourcecode.c.objc; explicitFileType = undefined; includeInIndex = 0; };
		A608762C3F354B21BD709901 /* CDVViewController+SplashScreen.m */ = {isa = PBXFileReference; name = "CDVViewController+SplashScreen.m"; path = "cordova-plugin-splashscreen/CDVViewController+SplashScreen.m"; sourceTree = "<group>"; fileEncoding = 4; lastKnownFileType = sourcecode.c.objc; explicitFileType = undefined; includeInIndex = 0; };
		61DA719E3A58494CBF731B65 /* CDVSplashScreen.h */ = {isa = PBXFileReference; name = "CDVSplashScreen.h"; path = "cordova-plugin-splashscreen/CDVSplashScreen.h"; sourceTree = "<group>"; fileEncoding = 4; lastKnownFileType = sourcecode.c.h; explicitFileType = undefined; includeInIndex = 0; };
		210D839A85514201A86BD966 /* CDVViewController+SplashScreen.h */ = {isa = PBXFileReference; name = "CDVViewController+SplashScreen.h"; path = "cordova-plugin-splashscreen/CDVViewController+SplashScreen.h"; sourceTree = "<group>"; fileEncoding = 4; lastKnownFileType = sourcecode.c.h; explicitFileType = undefined; includeInIndex = 0; };
		5D32B1EE771A4A87844D0986 /* CDVWKWebViewEngine.m */ = {isa = PBXFileReference; name = "CDVWKWebViewEngine.m"; path = "cordova-plugin-ionic-webview/CDVWKWebViewEngine.m"; sourceTree = "<group>"; fileEncoding = 4; lastKnownFileType = sourcecode.c.objc; explicitFileType = undefined; includeInIndex = 0; };
		D1D40F70A4934C04BB64F1F7 /* CDVWKWebViewUIDelegate.m */ = {isa = PBXFileReference; name = "CDVWKWebViewUIDelegate.m"; path = "cordova-plugin-ionic-webview/CDVWKWebViewUIDelegate.m"; sourceTree = "<group>"; fileEncoding = 4; lastKnownFileType = sourcecode.c.objc; explicitFileType = undefined; includeInIndex = 0; };
		FFD791C75D6B4B2D96638BED /* CDVWKProcessPoolFactory.m */ = {isa = PBXFileReference; name = "CDVWKProcessPoolFactory.m"; path = "cordova-plugin-ionic-webview/CDVWKProcessPoolFactory.m"; sourceTree = "<group>"; fileEncoding = 4; lastKnownFileType = sourcecode.c.objc; explicitFileType = undefined; includeInIndex = 0; };
		824B2C4C73BE4E678B26CAC9 /* GCDWebServer.m */ = {isa = PBXFileReference; name = "GCDWebServer.m"; path = "cordova-plugin-ionic-webview/GCDWebServer.m"; sourceTree = "<group>"; fileEncoding = 4; lastKnownFileType = sourcecode.c.objc; explicitFileType = undefined; includeInIndex = 0; };
		0C67D2F1510A44F8B8F23F22 /* GCDWebServerConnection.m */ = {isa = PBXFileReference; name = "GCDWebServerConnection.m"; path = "cordova-plugin-ionic-webview/GCDWebServerConnection.m"; sourceTree = "<group>"; fileEncoding = 4; lastKnownFileType = sourcecode.c.objc; explicitFileType = undefined; includeInIndex = 0; };
		507896FAD6C145B6B77DB9AB /* GCDWebServerFunctions.m */ = {isa = PBXFileReference; name = "GCDWebServerFunctions.m"; path = "cordova-plugin-ionic-webview/GCDWebServerFunctions.m"; sourceTree = "<group>"; fileEncoding = 4; lastKnownFileType = sourcecode.c.objc; explicitFileType = undefined; includeInIndex = 0; };
		F1E763D8991246E7BF88B3F8 /* GCDWebServerRequest.m */ = {isa = PBXFileReference; name = "GCDWebServerRequest.m"; path = "cordova-plugin-ionic-webview/GCDWebServerRequest.m"; sourceTree = "<group>"; fileEncoding = 4; lastKnownFileType = sourcecode.c.objc; explicitFileType = undefined; includeInIndex = 0; };
		84773D37B5E341CFBD61C15D /* GCDWebServerResponse.m */ = {isa = PBXFileReference; name = "GCDWebServerResponse.m"; path = "cordova-plugin-ionic-webview/GCDWebServerResponse.m"; sourceTree = "<group>"; fileEncoding = 4; lastKnownFileType = sourcecode.c.objc; explicitFileType = undefined; includeInIndex = 0; };
		38D803434C364848BABF125A /* GCDWebServerDataRequest.m */ = {isa = PBXFileReference; name = "GCDWebServerDataRequest.m"; path = "cordova-plugin-ionic-webview/GCDWebServerDataRequest.m"; sourceTree = "<group>"; fileEncoding = 4; lastKnownFileType = sourcecode.c.objc; explicitFileType = undefined; includeInIndex = 0; };
		6C68990C3680413C9CEFCAB8 /* GCDWebServerFileRequest.m */ = {isa = PBXFileReference; name = "GCDWebServerFileRequest.m"; path = "cordova-plugin-ionic-webview/GCDWebServerFileRequest.m"; sourceTree = "<group>"; fileEncoding = 4; lastKnownFileType = sourcecode.c.objc; explicitFileType = undefined; includeInIndex = 0; };
		2D03C7742C794F18A2842A4C /* GCDWebServerMultiPartFormRequest.m */ = {isa = PBXFileReference; name = "GCDWebServerMultiPartFormRequest.m"; path = "cordova-plugin-ionic-webview/GCDWebServerMultiPartFormRequest.m"; sourceTree = "<group>"; fileEncoding = 4; lastKnownFileType = sourcecode.c.objc; explicitFileType = undefined; includeInIndex = 0; };
		A9836042627D4AA58FAFA35E /* GCDWebServerURLEncodedFormRequest.m */ = {isa = PBXFileReference; name = "GCDWebServerURLEncodedFormRequest.m"; path = "cordova-plugin-ionic-webview/GCDWebServerURLEncodedFormRequest.m"; sourceTree = "<group>"; fileEncoding = 4; lastKnownFileType = sourcecode.c.objc; explicitFileType = undefined; includeInIndex = 0; };
		2447C5F96C7E43C08C8FA124 /* GCDWebServerDataResponse.m */ = {isa = PBXFileReference; name = "GCDWebServerDataResponse.m"; path = "cordova-plugin-ionic-webview/GCDWebServerDataResponse.m"; sourceTree = "<group>"; fileEncoding = 4; lastKnownFileType = sourcecode.c.objc; explicitFileType = undefined; includeInIndex = 0; };
		397F3C0D0253424089AFD77C /* GCDWebServerErrorResponse.m */ = {isa = PBXFileReference; name = "GCDWebServerErrorResponse.m"; path = "cordova-plugin-ionic-webview/GCDWebServerErrorResponse.m"; sourceTree = "<group>"; fileEncoding = 4; lastKnownFileType = sourcecode.c.objc; explicitFileType = undefined; includeInIndex = 0; };
		3F65E3CE222B4B31B97B2262 /* GCDWebServerFileResponse.m */ = {isa = PBXFileReference; name = "GCDWebServerFileResponse.m"; path = "cordova-plugin-ionic-webview/GCDWebServerFileResponse.m"; sourceTree = "<group>"; fileEncoding = 4; lastKnownFileType = sourcecode.c.objc; explicitFileType = undefined; includeInIndex = 0; };
		25D00A3AA5B44F35A2879CD7 /* GCDWebServerStreamedResponse.m */ = {isa = PBXFileReference; name = "GCDWebServerStreamedResponse.m"; path = "cordova-plugin-ionic-webview/GCDWebServerStreamedResponse.m"; sourceTree = "<group>"; fileEncoding = 4; lastKnownFileType = sourcecode.c.objc; explicitFileType = undefined; includeInIndex = 0; };
		B639EA7FDBE94EC0946E9B48 /* CDVWKWebViewEngine.h */ = {isa = PBXFileReference; name = "CDVWKWebViewEngine.h"; path = "cordova-plugin-ionic-webview/CDVWKWebViewEngine.h"; sourceTree = "<group>"; fileEncoding = 4; lastKnownFileType = sourcecode.c.h; explicitFileType = undefined; includeInIndex = 0; };
		7E0A13552D75482D9631A097 /* CDVWKWebViewUIDelegate.h */ = {isa = PBXFileReference; name = "CDVWKWebViewUIDelegate.h"; path = "cordova-plugin-ionic-webview/CDVWKWebViewUIDelegate.h"; sourceTree = "<group>"; fileEncoding = 4; lastKnownFileType = sourcecode.c.h; explicitFileType = undefined; includeInIndex = 0; };
		986E73E7AE1D4A6F8F23A13F /* CDVWKProcessPoolFactory.h */ = {isa = PBXFileReference; name = "CDVWKProcessPoolFactory.h"; path = "cordova-plugin-ionic-webview/CDVWKProcessPoolFactory.h"; sourceTree = "<group>"; fileEncoding = 4; lastKnownFileType = sourcecode.c.h; explicitFileType = undefined; includeInIndex = 0; };
		1572927D54DC4DBF87FFE06B /* GCDWebServer.h */ = {isa = PBXFileReference; name = "GCDWebServer.h"; path = "cordova-plugin-ionic-webview/GCDWebServer.h"; sourceTree = "<group>"; fileEncoding = 4; lastKnownFileType = sourcecode.c.h; explicitFileType = undefined; includeInIndex = 0; };
		ADCE8CA8CDAC4D24806E493C /* GCDWebServerConnection.h */ = {isa = PBXFileReference; name = "GCDWebServerConnection.h"; path = "cordova-plugin-ionic-webview/GCDWebServerConnection.h"; sourceTree = "<group>"; fileEncoding = 4; lastKnownFileType = sourcecode.c.h; explicitFileType = undefined; includeInIndex = 0; };
		F3EB79FDBE274864A58ECC83 /* GCDWebServerFunctions.h */ = {isa = PBXFileReference; name = "GCDWebServerFunctions.h"; path = "cordova-plugin-ionic-webview/GCDWebServerFunctions.h"; sourceTree = "<group>"; fileEncoding = 4; lastKnownFileType = sourcecode.c.h; explicitFileType = undefined; includeInIndex = 0; };
		26E8C2CE3DAE48C3A14FD62B /* GCDWebServerHTTPStatusCodes.h */ = {isa = PBXFileReference; name = "GCDWebServerHTTPStatusCodes.h"; path = "cordova-plugin-ionic-webview/GCDWebServerHTTPStatusCodes.h"; sourceTree = "<group>"; fileEncoding = 4; lastKnownFileType = sourcecode.c.h; explicitFileType = undefined; includeInIndex = 0; };
		314052CCF201457D938E32A9 /* GCDWebServerPrivate.h */ = {isa = PBXFileReference; name = "GCDWebServerPrivate.h"; path = "cordova-plugin-ionic-webview/GCDWebServerPrivate.h"; sourceTree = "<group>"; fileEncoding = 4; lastKnownFileType = sourcecode.c.h; explicitFileType = undefined; includeInIndex = 0; };
		C00878E3128E40999F567079 /* GCDWebServerRequest.h */ = {isa = PBXFileReference; name = "GCDWebServerRequest.h"; path = "cordova-plugin-ionic-webview/GCDWebServerRequest.h"; sourceTree = "<group>"; fileEncoding = 4; lastKnownFileType = sourcecode.c.h; explicitFileType = undefined; includeInIndex = 0; };
		0B5AB15060D644EBA7D35FC9 /* GCDWebServerResponse.h */ = {isa = PBXFileReference; name = "GCDWebServerResponse.h"; path = "cordova-plugin-ionic-webview/GCDWebServerResponse.h"; sourceTree = "<group>"; fileEncoding = 4; lastKnownFileType = sourcecode.c.h; explicitFileType = undefined; includeInIndex = 0; };
		169871C96D104F7A94F63925 /* GCDWebServerDataRequest.h */ = {isa = PBXFileReference; name = "GCDWebServerDataRequest.h"; path = "cordova-plugin-ionic-webview/GCDWebServerDataRequest.h"; sourceTree = "<group>"; fileEncoding = 4; lastKnownFileType = sourcecode.c.h; explicitFileType = undefined; includeInIndex = 0; };
		660D441E32314B0D89047F43 /* GCDWebServerFileRequest.h */ = {isa = PBXFileReference; name = "GCDWebServerFileRequest.h"; path = "cordova-plugin-ionic-webview/GCDWebServerFileRequest.h"; sourceTree = "<group>"; fileEncoding = 4; lastKnownFileType = sourcecode.c.h; explicitFileType = undefined; includeInIndex = 0; };
		2860351390B247C287316CA0 /* GCDWebServerMultiPartFormRequest.h */ = {isa = PBXFileReference; name = "GCDWebServerMultiPartFormRequest.h"; path = "cordova-plugin-ionic-webview/GCDWebServerMultiPartFormRequest.h"; sourceTree = "<group>"; fileEncoding = 4; lastKnownFileType = sourcecode.c.h; explicitFileType = undefined; includeInIndex = 0; };
		D1CDAC1DCF4E46DC9A225EA1 /* GCDWebServerURLEncodedFormRequest.h */ = {isa = PBXFileReference; name = "GCDWebServerURLEncodedFormRequest.h"; path = "cordova-plugin-ionic-webview/GCDWebServerURLEncodedFormRequest.h"; sourceTree = "<group>"; fileEncoding = 4; lastKnownFileType = sourcecode.c.h; explicitFileType = undefined; includeInIndex = 0; };
		7B636F5D1F3F4198B2014A34 /* GCDWebServerDataResponse.h */ = {isa = PBXFileReference; name = "GCDWebServerDataResponse.h"; path = "cordova-plugin-ionic-webview/GCDWebServerDataResponse.h"; sourceTree = "<group>"; fileEncoding = 4; lastKnownFileType = sourcecode.c.h; explicitFileType = undefined; includeInIndex = 0; };
		150B642F1D2C49C5882A5265 /* GCDWebServerErrorResponse.h */ = {isa = PBXFileReference; name = "GCDWebServerErrorResponse.h"; path = "cordova-plugin-ionic-webview/GCDWebServerErrorResponse.h"; sourceTree = "<group>"; fileEncoding = 4; lastKnownFileType = sourcecode.c.h; explicitFileType = undefined; includeInIndex = 0; };
		060CABCB8483471AA4A957D8 /* GCDWebServerFileResponse.h */ = {isa = PBXFileReference; name = "GCDWebServerFileResponse.h"; path = "cordova-plugin-ionic-webview/GCDWebServerFileResponse.h"; sourceTree = "<group>"; fileEncoding = 4; lastKnownFileType = sourcecode.c.h; explicitFileType = undefined; includeInIndex = 0; };
		964F32ABE5534B08BCC7A2C8 /* GCDWebServerStreamedResponse.h */ = {isa = PBXFileReference; name = "GCDWebServerStreamedResponse.h"; path = "cordova-plugin-ionic-webview/GCDWebServerStreamedResponse.h"; sourceTree = "<group>"; fileEncoding = 4; lastKnownFileType = sourcecode.c.h; explicitFileType = undefined; includeInIndex = 0; };
		1FBE37D570A7484088A62236 /* WebKit.framework */ = {isa = PBXFileReference; name = "WebKit.framework"; path = "System/Library/Frameworks/WebKit.framework"; sourceTree = SDKROOT; fileEncoding = undefined; lastKnownFileType = wrapper.framework; explicitFileType = undefined; includeInIndex = 0; };
		5BA8E3A3717444758CD20D55 /* libz.tbd */ = {isa = PBXFileReference; name = "libz.tbd"; path = "usr/lib/libz.tbd"; sourceTree = SDKROOT; fileEncoding = undefined; lastKnownFileType = sourcecode.text-based-dylib-definition; explicitFileType = undefined; includeInIndex = 0; };
		0F4E78A546D2461FAD624987 /* CDVIonicKeyboard.m */ = {isa = PBXFileReference; name = "CDVIonicKeyboard.m"; path = "cordova-plugin-ionic-keyboard/CDVIonicKeyboard.m"; sourceTree = "<group>"; fileEncoding = 4; lastKnownFileType = sourcecode.c.objc; explicitFileType = undefined; includeInIndex = 0; };
		63122C86BB654A2B99CFC0A3 /* CDVIonicKeyboard.h */ = {isa = PBXFileReference; name = "CDVIonicKeyboard.h"; path = "cordova-plugin-ionic-keyboard/CDVIonicKeyboard.h"; sourceTree = "<group>"; fileEncoding = 4; lastKnownFileType = sourcecode.c.h; explicitFileType = undefined; includeInIndex = 0; };
		B0CADD7FF2D34C4AA8C22D57 /* CDVStatusBar.m */ = {isa = PBXFileReference; name = "CDVStatusBar.m"; path = "cordova-plugin-statusbar/CDVStatusBar.m"; sourceTree = "<group>"; fileEncoding = 4; lastKnownFileType = sourcecode.c.objc; explicitFileType = undefined; includeInIndex = 0; };
		4C5B0B5E0C944E5FB116E053 /* CDVStatusBar.h */ = {isa = PBXFileReference; name = "CDVStatusBar.h"; path = "cordova-plugin-statusbar/CDVStatusBar.h"; sourceTree = "<group>"; fileEncoding = 4; lastKnownFileType = sourcecode.c.h; explicitFileType = undefined; includeInIndex = 0; };
		6598B2F37ADB40C285BE37F9 /* IonicKeyboard.m */ = {isa = PBXFileReference; name = "IonicKeyboard.m"; path = "ionic-plugin-keyboard/IonicKeyboard.m"; sourceTree = "<group>"; fileEncoding = 4; lastKnownFileType = sourcecode.c.objc; explicitFileType = undefined; includeInIndex = 0; };
		3D242EC733064EDD845CB178 /* IonicKeyboard.h */ = {isa = PBXFileReference; name = "IonicKeyboard.h"; path = "ionic-plugin-keyboard/IonicKeyboard.h"; sourceTree = "<group>"; fileEncoding = 4; lastKnownFileType = sourcecode.c.h; explicitFileType = undefined; includeInIndex = 0; };
		3BE4F765D23048EABC6BF919 /* CDVSplashScreen+IonicDeploy.m */ = {isa = PBXFileReference; name = "CDVSplashScreen+IonicDeploy.m"; path = "cordova-plugin-ionic/CDVSplashScreen+IonicDeploy.m"; sourceTree = "<group>"; fileEncoding = 4; lastKnownFileType = sourcecode.c.objc; explicitFileType = undefined; includeInIndex = 0; };
		12AFEF3A65174A2D9676B5FB /* IonicConstant.m */ = {isa = PBXFileReference; name = "IonicConstant.m"; path = "cordova-plugin-ionic/IonicConstant.m"; sourceTree = "<group>"; fileEncoding = 4; lastKnownFileType = sourcecode.c.objc; explicitFileType = undefined; includeInIndex = 0; };
		5746E90CDCFB42A8AD5F91EF /* IonicDeploy.m */ = {isa = PBXFileReference; name = "IonicDeploy.m"; path = "cordova-plugin-ionic/IonicDeploy.m"; sourceTree = "<group>"; fileEncoding = 4; lastKnownFileType = sourcecode.c.objc; explicitFileType = undefined; includeInIndex = 0; };
		47C8EC91781846D2BD8B061A /* Download.m */ = {isa = PBXFileReference; name = "Download.m"; path = "cordova-plugin-ionic/Download.m"; sourceTree = "<group>"; fileEncoding = 4; lastKnownFileType = sourcecode.c.objc; explicitFileType = undefined; includeInIndex = 0; };
		06DA34DC88B441C3B39EA062 /* DownloadManager.m */ = {isa = PBXFileReference; name = "DownloadManager.m"; path = "cordova-plugin-ionic/DownloadManager.m"; sourceTree = "<group>"; fileEncoding = 4; lastKnownFileType = sourcecode.c.objc; explicitFileType = undefined; includeInIndex = 0; };
		B796BE3907E341179060ED63 /* SSZipArchive.m */ = {isa = PBXFileReference; name = "SSZipArchive.m"; path = "cordova-plugin-ionic/SSZipArchive.m"; sourceTree = "<group>"; fileEncoding = 4; lastKnownFileType = sourcecode.c.objc; explicitFileType = undefined; includeInIndex = 0; };
		FB7FB089F7D3415FA9B0BDD9 /* ioapi.c */ = {isa = PBXFileReference; name = "ioapi.c"; path = "cordova-plugin-ionic/ioapi.c"; sourceTree = "<group>"; fileEncoding = undefined; lastKnownFileType = unknown; explicitFileType = undefined; includeInIndex = 0; };
		7396BD252E4B48A58E0A2665 /* unzip.c */ = {isa = PBXFileReference; name = "unzip.c"; path = "cordova-plugin-ionic/unzip.c"; sourceTree = "<group>"; fileEncoding = undefined; lastKnownFileType = unknown; explicitFileType = undefined; includeInIndex = 0; };
		072928AD64524FA8860A21D1 /* zip.c */ = {isa = PBXFileReference; name = "zip.c"; path = "cordova-plugin-ionic/zip.c"; sourceTree = "<group>"; fileEncoding = undefined; lastKnownFileType = unknown; explicitFileType = undefined; includeInIndex = 0; };
		4C788BC94A75490BB2B943BA /* adler32.c */ = {isa = PBXFileReference; name = "adler32.c"; path = "cordova-plugin-ionic/adler32.c"; sourceTree = "<group>"; fileEncoding = undefined; lastKnownFileType = unknown; explicitFileType = undefined; includeInIndex = 0; };
		8C39D1937CB64F0DB17A85AF /* compress.c */ = {isa = PBXFileReference; name = "compress.c"; path = "cordova-plugin-ionic/compress.c"; sourceTree = "<group>"; fileEncoding = undefined; lastKnownFileType = unknown; explicitFileType = undefined; includeInIndex = 0; };
		80F9F3C4A9924EEAA99D8E48 /* crc32.c */ = {isa = PBXFileReference; name = "crc32.c"; path = "cordova-plugin-ionic/crc32.c"; sourceTree = "<group>"; fileEncoding = undefined; lastKnownFileType = unknown; explicitFileType = undefined; includeInIndex = 0; };
		12248F2782A246BBA05ACD73 /* deflate.c */ = {isa = PBXFileReference; name = "deflate.c"; path = "cordova-plugin-ionic/deflate.c"; sourceTree = "<group>"; fileEncoding = undefined; lastKnownFileType = unknown; explicitFileType = undefined; includeInIndex = 0; };
		24A8890A7A5F4548B6108E66 /* gzclose.c */ = {isa = PBXFileReference; name = "gzclose.c"; path = "cordova-plugin-ionic/gzclose.c"; sourceTree = "<group>"; fileEncoding = undefined; lastKnownFileType = unknown; explicitFileType = undefined; includeInIndex = 0; };
		6E905E7A992641B6A51FF518 /* gzlib.c */ = {isa = PBXFileReference; name = "gzlib.c"; path = "cordova-plugin-ionic/gzlib.c"; sourceTree = "<group>"; fileEncoding = undefined; lastKnownFileType = unknown; explicitFileType = undefined; includeInIndex = 0; };
		B33EEF7E0D8D484EB266C7DA /* gzread.c */ = {isa = PBXFileReference; name = "gzread.c"; path = "cordova-plugin-ionic/gzread.c"; sourceTree = "<group>"; fileEncoding = undefined; lastKnownFileType = unknown; explicitFileType = undefined; includeInIndex = 0; };
		8C8788E2DC674584B91F88FD /* gzwrite.c */ = {isa = PBXFileReference; name = "gzwrite.c"; path = "cordova-plugin-ionic/gzwrite.c"; sourceTree = "<group>"; fileEncoding = undefined; lastKnownFileType = unknown; explicitFileType = undefined; includeInIndex = 0; };
		B69450E605CF412AB1EF44BE /* infback.c */ = {isa = PBXFileReference; name = "infback.c"; path = "cordova-plugin-ionic/infback.c"; sourceTree = "<group>"; fileEncoding = undefined; lastKnownFileType = unknown; explicitFileType = undefined; includeInIndex = 0; };
		6638A6F0369048FDBBA6389C /* inffast.c */ = {isa = PBXFileReference; name = "inffast.c"; path = "cordova-plugin-ionic/inffast.c"; sourceTree = "<group>"; fileEncoding = undefined; lastKnownFileType = unknown; explicitFileType = undefined; includeInIndex = 0; };
		D32F284F927847EBAF54FE95 /* inflate.c */ = {isa = PBXFileReference; name = "inflate.c"; path = "cordova-plugin-ionic/inflate.c"; sourceTree = "<group>"; fileEncoding = undefined; lastKnownFileType = unknown; explicitFileType = undefined; includeInIndex = 0; };
		0039D301D3A6455C91ED38C1 /* inftrees.c */ = {isa = PBXFileReference; name = "inftrees.c"; path = "cordova-plugin-ionic/inftrees.c"; sourceTree = "<group>"; fileEncoding = undefined; lastKnownFileType = unknown; explicitFileType = undefined; includeInIndex = 0; };
		63FFDFF21E574E4497946688 /* trees.c */ = {isa = PBXFileReference; name = "trees.c"; path = "cordova-plugin-ionic/trees.c"; sourceTree = "<group>"; fileEncoding = undefined; lastKnownFileType = unknown; explicitFileType = undefined; includeInIndex = 0; };
		093B7C50CCC74F1B88D9FC8B /* uncompr.c */ = {isa = PBXFileReference; name = "uncompr.c"; path = "cordova-plugin-ionic/uncompr.c"; sourceTree = "<group>"; fileEncoding = undefined; lastKnownFileType = unknown; explicitFileType = undefined; includeInIndex = 0; };
		1F469E8DA51C42FBA119005E /* zutil.c */ = {isa = PBXFileReference; name = "zutil.c"; path = "cordova-plugin-ionic/zutil.c"; sourceTree = "<group>"; fileEncoding = undefined; lastKnownFileType = unknown; explicitFileType = undefined; includeInIndex = 0; };
		9895EF9E96D94BF8AB52C468 /* Base64.m */ = {isa = PBXFileReference; name = "Base64.m"; path = "cordova-plugin-ionic/Base64.m"; sourceTree = "<group>"; fileEncoding = 4; lastKnownFileType = sourcecode.c.objc; explicitFileType = undefined; includeInIndex = 0; };
		5734DB808D71460993DD43F8 /* UNIHTTPClientHelper.m */ = {isa = PBXFileReference; name = "UNIHTTPClientHelper.m"; path = "cordova-plugin-ionic/UNIHTTPClientHelper.m"; sourceTree = "<group>"; fileEncoding = 4; lastKnownFileType = sourcecode.c.objc; explicitFileType = undefined; includeInIndex = 0; };
		D9F3A0047FD74916A23590DD /* UNIHTTPRequest.m */ = {isa = PBXFileReference; name = "UNIHTTPRequest.m"; path = "cordova-plugin-ionic/UNIHTTPRequest.m"; sourceTree = "<group>"; fileEncoding = 4; lastKnownFileType = sourcecode.c.objc; explicitFileType = undefined; includeInIndex = 0; };
		BC03CF5502BA452596CB67E3 /* UNIHTTPRequestWithBody.m */ = {isa = PBXFileReference; name = "UNIHTTPRequestWithBody.m"; path = "cordova-plugin-ionic/UNIHTTPRequestWithBody.m"; sourceTree = "<group>"; fileEncoding = 4; lastKnownFileType = sourcecode.c.objc; explicitFileType = undefined; includeInIndex = 0; };
		499FC369C47B4465AA81C129 /* UNIRest.m */ = {isa = PBXFileReference; name = "UNIRest.m"; path = "cordova-plugin-ionic/UNIRest.m"; sourceTree = "<group>"; fileEncoding = 4; lastKnownFileType = sourcecode.c.objc; explicitFileType = undefined; includeInIndex = 0; };
		48AEEA88B3C1481387430A01 /* UNIUrlConnection.m */ = {isa = PBXFileReference; name = "UNIUrlConnection.m"; path = "cordova-plugin-ionic/UNIUrlConnection.m"; sourceTree = "<group>"; fileEncoding = 4; lastKnownFileType = sourcecode.c.objc; explicitFileType = undefined; includeInIndex = 0; };
		9AAE7D341225496DAA35A406 /* UNIBaseRequest.m */ = {isa = PBXFileReference; name = "UNIBaseRequest.m"; path = "cordova-plugin-ionic/UNIBaseRequest.m"; sourceTree = "<group>"; fileEncoding = 4; lastKnownFileType = sourcecode.c.objc; explicitFileType = undefined; includeInIndex = 0; };
		0B3D155A535A4EC790D509EA /* UNIBodyRequest.m */ = {isa = PBXFileReference; name = "UNIBodyRequest.m"; path = "cordova-plugin-ionic/UNIBodyRequest.m"; sourceTree = "<group>"; fileEncoding = 4; lastKnownFileType = sourcecode.c.objc; explicitFileType = undefined; includeInIndex = 0; };
		448327DB3A144A5D836DD50B /* UNISimpleRequest.m */ = {isa = PBXFileReference; name = "UNISimpleRequest.m"; path = "cordova-plugin-ionic/UNISimpleRequest.m"; sourceTree = "<group>"; fileEncoding = 4; lastKnownFileType = sourcecode.c.objc; explicitFileType = undefined; includeInIndex = 0; };
		7C7CFE2387CC46B8AC8C6480 /* UNIHTTPBinaryResponse.m */ = {isa = PBXFileReference; name = "UNIHTTPBinaryResponse.m"; path = "cordova-plugin-ionic/UNIHTTPBinaryResponse.m"; sourceTree = "<group>"; fileEncoding = 4; lastKnownFileType = sourcecode.c.objc; explicitFileType = undefined; includeInIndex = 0; };
		AE680424E4274BCDBB836C25 /* UNIHTTPJsonResponse.m */ = {isa = PBXFileReference; name = "UNIHTTPJsonResponse.m"; path = "cordova-plugin-ionic/UNIHTTPJsonResponse.m"; sourceTree = "<group>"; fileEncoding = 4; lastKnownFileType = sourcecode.c.objc; explicitFileType = undefined; includeInIndex = 0; };
		B216B90323BC4A65A5F25DF5 /* UNIHTTPResponse.m */ = {isa = PBXFileReference; name = "UNIHTTPResponse.m"; path = "cordova-plugin-ionic/UNIHTTPResponse.m"; sourceTree = "<group>"; fileEncoding = 4; lastKnownFileType = sourcecode.c.objc; explicitFileType = undefined; includeInIndex = 0; };
		A4B02E272CFF48D5BA5FBBA0 /* UNIHTTPStringResponse.m */ = {isa = PBXFileReference; name = "UNIHTTPStringResponse.m"; path = "cordova-plugin-ionic/UNIHTTPStringResponse.m"; sourceTree = "<group>"; fileEncoding = 4; lastKnownFileType = sourcecode.c.objc; explicitFileType = undefined; includeInIndex = 0; };
		81395B5A600343BC9A65E58C /* UNIJsonNode.m */ = {isa = PBXFileReference; name = "UNIJsonNode.m"; path = "cordova-plugin-ionic/UNIJsonNode.m"; sourceTree = "<group>"; fileEncoding = 4; lastKnownFileType = sourcecode.c.objc; explicitFileType = undefined; includeInIndex = 0; };
		EB981FACE80641C188AF5807 /* IonicCordovaCommon.swift */ = {isa = PBXFileReference; name = "IonicCordovaCommon.swift"; path = "cordova-plugin-ionic/IonicCordovaCommon.swift"; sourceTree = "<group>"; fileEncoding = 4; lastKnownFileType = sourcecode.swift; explicitFileType = undefined; includeInIndex = 0; };
		D2FFE977FF08403391C972BA /* CDVSplashScreen+IonicDeploy.h */ = {isa = PBXFileReference; name = "CDVSplashScreen+IonicDeploy.h"; path = "cordova-plugin-ionic/CDVSplashScreen+IonicDeploy.h"; sourceTree = "<group>"; fileEncoding = 4; lastKnownFileType = sourcecode.c.h; explicitFileType = undefined; includeInIndex = 0; };
		172208A8CFB74D638E69100F /* IonicConstant.h */ = {isa = PBXFileReference; name = "IonicConstant.h"; path = "cordova-plugin-ionic/IonicConstant.h"; sourceTree = "<group>"; fileEncoding = 4; lastKnownFileType = sourcecode.c.h; explicitFileType = undefined; includeInIndex = 0; };
		9BB9E4C6D83344F8BA3E579F /* IonicDeploy.h */ = {isa = PBXFileReference; name = "IonicDeploy.h"; path = "cordova-plugin-ionic/IonicDeploy.h"; sourceTree = "<group>"; fileEncoding = 4; lastKnownFileType = sourcecode.c.h; explicitFileType = undefined; includeInIndex = 0; };
		C0B0E69AFB154C869214EAA0 /* Download.h */ = {isa = PBXFileReference; name = "Download.h"; path = "cordova-plugin-ionic/Download.h"; sourceTree = "<group>"; fileEncoding = 4; lastKnownFileType = sourcecode.c.h; explicitFileType = undefined; includeInIndex = 0; };
		385F5E47650F41CABC29506C /* DownloadManager.h */ = {isa = PBXFileReference; name = "DownloadManager.h"; path = "cordova-plugin-ionic/DownloadManager.h"; sourceTree = "<group>"; fileEncoding = 4; lastKnownFileType = sourcecode.c.h; explicitFileType = undefined; includeInIndex = 0; };
		5A81C19F267F40709A100AD3 /* SSZipArchive.h */ = {isa = PBXFileReference; name = "SSZipArchive.h"; path = "cordova-plugin-ionic/SSZipArchive.h"; sourceTree = "<group>"; fileEncoding = 4; lastKnownFileType = sourcecode.c.h; explicitFileType = undefined; includeInIndex = 0; };
		A70933825FF24073B773C2D8 /* ARCHelper.h */ = {isa = PBXFileReference; name = "ARCHelper.h"; path = "cordova-plugin-ionic/ARCHelper.h"; sourceTree = "<group>"; fileEncoding = 4; lastKnownFileType = sourcecode.c.h; explicitFileType = undefined; includeInIndex = 0; };
		31F79A18495144A0AD3CC068 /* crypt.h */ = {isa = PBXFileReference; name = "crypt.h"; path = "cordova-plugin-ionic/crypt.h"; sourceTree = "<group>"; fileEncoding = 4; lastKnownFileType = sourcecode.c.h; explicitFileType = undefined; includeInIndex = 0; };
		5ABA194CF1F14404958F2F19 /* ioapi.h */ = {isa = PBXFileReference; name = "ioapi.h"; path = "cordova-plugin-ionic/ioapi.h"; sourceTree = "<group>"; fileEncoding = 4; lastKnownFileType = sourcecode.c.h; explicitFileType = undefined; includeInIndex = 0; };
		248063765EE840568011750A /* unzip.h */ = {isa = PBXFileReference; name = "unzip.h"; path = "cordova-plugin-ionic/unzip.h"; sourceTree = "<group>"; fileEncoding = 4; lastKnownFileType = sourcecode.c.h; explicitFileType = undefined; includeInIndex = 0; };
		BB0829A1319A4304AF2D3A5B /* zip.h */ = {isa = PBXFileReference; name = "zip.h"; path = "cordova-plugin-ionic/zip.h"; sourceTree = "<group>"; fileEncoding = 4; lastKnownFileType = sourcecode.c.h; explicitFileType = undefined; includeInIndex = 0; };
		D811A50D700643DA84C0C57A /* crc32.h */ = {isa = PBXFileReference; name = "crc32.h"; path = "cordova-plugin-ionic/crc32.h"; sourceTree = "<group>"; fileEncoding = 4; lastKnownFileType = sourcecode.c.h; explicitFileType = undefined; includeInIndex = 0; };
		8D339A7C72D84F03B0CD999E /* deflate.h */ = {isa = PBXFileReference; name = "deflate.h"; path = "cordova-plugin-ionic/deflate.h"; sourceTree = "<group>"; fileEncoding = 4; lastKnownFileType = sourcecode.c.h; explicitFileType = undefined; includeInIndex = 0; };
		4EF2C5EF1A5C4DCD8FDF4114 /* gzguts.h */ = {isa = PBXFileReference; name = "gzguts.h"; path = "cordova-plugin-ionic/gzguts.h"; sourceTree = "<group>"; fileEncoding = 4; lastKnownFileType = sourcecode.c.h; explicitFileType = undefined; includeInIndex = 0; };
		E9FC726FAFA74CF29F12B415 /* inffast.h */ = {isa = PBXFileReference; name = "inffast.h"; path = "cordova-plugin-ionic/inffast.h"; sourceTree = "<group>"; fileEncoding = 4; lastKnownFileType = sourcecode.c.h; explicitFileType = undefined; includeInIndex = 0; };
		F538170C867A4E16B48C2633 /* inffixed.h */ = {isa = PBXFileReference; name = "inffixed.h"; path = "cordova-plugin-ionic/inffixed.h"; sourceTree = "<group>"; fileEncoding = 4; lastKnownFileType = sourcecode.c.h; explicitFileType = undefined; includeInIndex = 0; };
		FE1344CC4F5348DAB4F2CE78 /* inflate.h */ = {isa = PBXFileReference; name = "inflate.h"; path = "cordova-plugin-ionic/inflate.h"; sourceTree = "<group>"; fileEncoding = 4; lastKnownFileType = sourcecode.c.h; explicitFileType = undefined; includeInIndex = 0; };
		9C314856CB99416EB95AA267 /* inftrees.h */ = {isa = PBXFileReference; name = "inftrees.h"; path = "cordova-plugin-ionic/inftrees.h"; sourceTree = "<group>"; fileEncoding = 4; lastKnownFileType = sourcecode.c.h; explicitFileType = undefined; includeInIndex = 0; };
		4FA0F62B77FD482ABFAA7351 /* trees.h */ = {isa = PBXFileReference; name = "trees.h"; path = "cordova-plugin-ionic/trees.h"; sourceTree = "<group>"; fileEncoding = 4; lastKnownFileType = sourcecode.c.h; explicitFileType = undefined; includeInIndex = 0; };
		193843BE83BC4FD599C53BC8 /* zconf.h */ = {isa = PBXFileReference; name = "zconf.h"; path = "cordova-plugin-ionic/zconf.h"; sourceTree = "<group>"; fileEncoding = 4; lastKnownFileType = sourcecode.c.h; explicitFileType = undefined; includeInIndex = 0; };
		5FEEE31B06954FB59604107D /* zlib.h */ = {isa = PBXFileReference; name = "zlib.h"; path = "cordova-plugin-ionic/zlib.h"; sourceTree = "<group>"; fileEncoding = 4; lastKnownFileType = sourcecode.c.h; explicitFileType = undefined; includeInIndex = 0; };
		F16F67054B3E41AF8AF3E481 /* zutil.h */ = {isa = PBXFileReference; name = "zutil.h"; path = "cordova-plugin-ionic/zutil.h"; sourceTree = "<group>"; fileEncoding = 4; lastKnownFileType = sourcecode.c.h; explicitFileType = undefined; includeInIndex = 0; };
		665AA937E7634DDEAF15FBF0 /* Base64.h */ = {isa = PBXFileReference; name = "Base64.h"; path = "cordova-plugin-ionic/Base64.h"; sourceTree = "<group>"; fileEncoding = 4; lastKnownFileType = sourcecode.c.h; explicitFileType = undefined; includeInIndex = 0; };
		BA8E1CDD30094E91BABFE1E0 /* UNIHTTPClientHelper.h */ = {isa = PBXFileReference; name = "UNIHTTPClientHelper.h"; path = "cordova-plugin-ionic/UNIHTTPClientHelper.h"; sourceTree = "<group>"; fileEncoding = 4; lastKnownFileType = sourcecode.c.h; explicitFileType = undefined; includeInIndex = 0; };
		258C9DC2013F4FE4B818FCA4 /* UNIHTTPRequest.h */ = {isa = PBXFileReference; name = "UNIHTTPRequest.h"; path = "cordova-plugin-ionic/UNIHTTPRequest.h"; sourceTree = "<group>"; fileEncoding = 4; lastKnownFileType = sourcecode.c.h; explicitFileType = undefined; includeInIndex = 0; };
		5AA2C2C9F4364ADB884904D4 /* UNIHTTPRequestWithBody.h */ = {isa = PBXFileReference; name = "UNIHTTPRequestWithBody.h"; path = "cordova-plugin-ionic/UNIHTTPRequestWithBody.h"; sourceTree = "<group>"; fileEncoding = 4; lastKnownFileType = sourcecode.c.h; explicitFileType = undefined; includeInIndex = 0; };
		8FFFE834B68A4C2EBE4AA94D /* Unirest-Prefix.pch */ = {isa = PBXFileReference; name = "Unirest-Prefix.pch"; path = "cordova-plugin-ionic/Unirest-Prefix.pch"; sourceTree = "<group>"; fileEncoding = 4; lastKnownFileType = sourcecode.c.h; explicitFileType = undefined; includeInIndex = 0; };
		7E5D0E9D65B94B3EA503840F /* UNIRest.h */ = {isa = PBXFileReference; name = "UNIRest.h"; path = "cordova-plugin-ionic/UNIRest.h"; sourceTree = "<group>"; fileEncoding = 4; lastKnownFileType = sourcecode.c.h; explicitFileType = undefined; includeInIndex = 0; };
		62645E57055F4834BE9DE8C3 /* UNIUrlConnection.h */ = {isa = PBXFileReference; name = "UNIUrlConnection.h"; path = "cordova-plugin-ionic/UNIUrlConnection.h"; sourceTree = "<group>"; fileEncoding = 4; lastKnownFileType = sourcecode.c.h; explicitFileType = undefined; includeInIndex = 0; };
		A4C1606C5F504ABEB6DBE6C5 /* UNIBaseRequest.h */ = {isa = PBXFileReference; name = "UNIBaseRequest.h"; path = "cordova-plugin-ionic/UNIBaseRequest.h"; sourceTree = "<group>"; fileEncoding = 4; lastKnownFileType = sourcecode.c.h; explicitFileType = undefined; includeInIndex = 0; };
		CB9B2C3C7AD34E26847F32F3 /* UNIBodyRequest.h */ = {isa = PBXFileReference; name = "UNIBodyRequest.h"; path = "cordova-plugin-ionic/UNIBodyRequest.h"; sourceTree = "<group>"; fileEncoding = 4; lastKnownFileType = sourcecode.c.h; explicitFileType = undefined; includeInIndex = 0; };
		B20972FFF3C24DBE9F2683DB /* UNISimpleRequest.h */ = {isa = PBXFileReference; name = "UNISimpleRequest.h"; path = "cordova-plugin-ionic/UNISimpleRequest.h"; sourceTree = "<group>"; fileEncoding = 4; lastKnownFileType = sourcecode.c.h; explicitFileType = undefined; includeInIndex = 0; };
		0369A36BE0F448789BFE635C /* UNIHTTPBinaryResponse.h */ = {isa = PBXFileReference; name = "UNIHTTPBinaryResponse.h"; path = "cordova-plugin-ionic/UNIHTTPBinaryResponse.h"; sourceTree = "<group>"; fileEncoding = 4; lastKnownFileType = sourcecode.c.h; explicitFileType = undefined; includeInIndex = 0; };
		60ADFCBB60784F91A3338A12 /* UNIHTTPJsonResponse.h */ = {isa = PBXFileReference; name = "UNIHTTPJsonResponse.h"; path = "cordova-plugin-ionic/UNIHTTPJsonResponse.h"; sourceTree = "<group>"; fileEncoding = 4; lastKnownFileType = sourcecode.c.h; explicitFileType = undefined; includeInIndex = 0; };
		D2DB79BE1B69401EAF805ABA /* UNIHTTPResponse.h */ = {isa = PBXFileReference; name = "UNIHTTPResponse.h"; path = "cordova-plugin-ionic/UNIHTTPResponse.h"; sourceTree = "<group>"; fileEncoding = 4; lastKnownFileType = sourcecode.c.h; explicitFileType = undefined; includeInIndex = 0; };
		2A62429B348B42278F2E7D11 /* UNIHTTPStringResponse.h */ = {isa = PBXFileReference; name = "UNIHTTPStringResponse.h"; path = "cordova-plugin-ionic/UNIHTTPStringResponse.h"; sourceTree = "<group>"; fileEncoding = 4; lastKnownFileType = sourcecode.c.h; explicitFileType = undefined; includeInIndex = 0; };
		6F37D7DC9B37451488211B6B /* UNIJsonNode.h */ = {isa = PBXFileReference; name = "UNIJsonNode.h"; path = "cordova-plugin-ionic/UNIJsonNode.h"; sourceTree = "<group>"; fileEncoding = 4; lastKnownFileType = sourcecode.c.h; explicitFileType = undefined; includeInIndex = 0; };
		819DCBE6C271436B90ECA774 /* AppDelegate+notification.m */ = {isa = PBXFileReference; name = "AppDelegate+notification.m"; path = "phonegap-plugin-push/AppDelegate+notification.m"; sourceTree = "<group>"; fileEncoding = 4; lastKnownFileType = sourcecode.c.objc; explicitFileType = undefined; includeInIndex = 0; };
		3BE654CA53354AF8B8058335 /* PushPlugin.m */ = {isa = PBXFileReference; name = "PushPlugin.m"; path = "phonegap-plugin-push/PushPlugin.m"; sourceTree = "<group>"; fileEncoding = 4; lastKnownFileType = sourcecode.c.objc; explicitFileType = undefined; includeInIndex = 0; };
		81E413BC701E4F959F0F3E16 /* AppDelegate+notification.h */ = {isa = PBXFileReference; name = "AppDelegate+notification.h"; path = "phonegap-plugin-push/AppDelegate+notification.h"; sourceTree = "<group>"; fileEncoding = 4; lastKnownFileType = sourcecode.c.h; explicitFileType = undefined; includeInIndex = 0; };
		E1439BA8B5EA453CB5FA8E5F /* PushPlugin.h */ = {isa = PBXFileReference; name = "PushPlugin.h"; path = "phonegap-plugin-push/PushPlugin.h"; sourceTree = "<group>"; fileEncoding = 4; lastKnownFileType = sourcecode.c.h; explicitFileType = undefined; includeInIndex = 0; };
/* End PBXFileReference section */

/* Begin PBXFrameworksBuildPhase section */
		1D60588F0D05DD3D006BFB54 /* Frameworks */ = {
			isa = PBXFrameworksBuildPhase;
			buildActionMask = 2147483647;
			files = (
				301BF552109A68D80062928A /* libCordova.a in Frameworks */,
				6A0DD37F98D846F698171A49 /* WebKit.framework in Frameworks */,
				09EDBBDFB007484DAAC35F0A /* libz.tbd in Frameworks */,
			);
			runOnlyForDeploymentPostprocessing = 0;
		};
/* End PBXFrameworksBuildPhase section */

/* Begin PBXGroup section */
		080E96DDFE201D6D7F000001 /* Classes */ = {
			isa = PBXGroup;
			children = (
				302D95EE14D2391D003F00A1 /* MainViewController.h */,
				302D95EF14D2391D003F00A1 /* MainViewController.m */,
				302D95F014D2391D003F00A1 /* MainViewController.xib */,
				1D3623240D0F684500981E51 /* AppDelegate.h */,
				1D3623250D0F684500981E51 /* AppDelegate.m */,
			);
			name = Classes;
			path = "MyApp/Classes";
			sourceTree = SOURCE_ROOT;
		};
		19C28FACFE9D520D11CA2CBB /* Products */ = {
			isa = PBXGroup;
			children = (
				1D6058910D05DD3D006BFB54 /* MyApp.app */,
			);
			name = Products;
			sourceTree = "<group>";
		};
		29B97314FDCFA39411CA2CEA /* CustomTemplate */ = {
			isa = PBXGroup;
			children = (
				EB87FDF41871DAF40020F90C /* config.xml */,
				EB87FDF31871DA8E0020F90C /* www */,
				EB87FDF11871DA420020F90C /* Staging */,
				301BF52D109A57CC0062928A /* CordovaLib.xcodeproj */,
				080E96DDFE201D6D7F000001 /* Classes */,
				307C750510C5A3420062BCA9 /* Plugins */,
				29B97315FDCFA39411CA2CEA /* Other Sources */,
				29B97317FDCFA39411CA2CEA /* Resources */,
				29B97323FDCFA39411CA2CEA /* Frameworks */,
				19C28FACFE9D520D11CA2CBB /* Products */,
			);
			name = CustomTemplate;
			sourceTree = "<group>";
		};
		29B97315FDCFA39411CA2CEA /* Other Sources */ = {
			isa = PBXGroup;
			children = (
				32CA4F630368D1EE00C91783 /* MyApp-Prefix.pch */,
				29B97316FDCFA39411CA2CEA /* main.m */,
				ED33DF2A687741AEAF9F8254 /* Bridging-Header.h */,
			);
			name = "Other Sources";
			path = "MyApp";
			sourceTree = "<group>";
		};
		29B97317FDCFA39411CA2CEA /* Resources */ = {
			isa = PBXGroup;
			children = (
				0207DA571B56EA530066E2B4 /* Images.xcassets */,
				3047A50E1AB8057F00498E2A /* config */,
				8D1107310486CEB800E47090 /* MyApp-Info.plist */,
				6AFF5BF81D6E424B00AB3073 /* CDVLaunchScreen.storyboard */,
			);
			name = Resources;
			path = "MyApp/Resources";
			sourceTree = "<group>";
		};
		29B97323FDCFA39411CA2CEA /* Frameworks */ = {
			isa = PBXGroup;
			children = (
				1FBE37D570A7484088A62236 /* WebKit.framework */,
				5BA8E3A3717444758CD20D55 /* libz.tbd */,
			);
			name = Frameworks;
			sourceTree = "<group>";
		};
		301BF52E109A57CC0062928A /* Products */ = {
			isa = PBXGroup;
			children = (
				301BF535109A57CC0062928A /* libCordova.a */,
			);
			name = Products;
			sourceTree = "<group>";
		};
		3047A50E1AB8057F00498E2A /* config */ = {
			isa = PBXGroup;
			children = (
				3047A50F1AB8059700498E2A /* build-debug.xcconfig */,
				3047A5101AB8059700498E2A /* build-release.xcconfig */,
				3047A5111AB8059700498E2A /* build.xcconfig */,
			);
			name = config;
			sourceTree = "<group>";
		};
		307C750510C5A3420062BCA9 /* Plugins */ = {
			isa = PBXGroup;
			children = (
				965EF8AEE6704C5BAA018059 /* NativeStorage.m */,
				933731BD08EE46068F51F365 /* NativeStorage.h */,
				482B3A5EC13C408FADFB1C7E /* CDVDevice.m */,
				8184D189F2364D7EABBE3D7C /* CDVDevice.h */,
				61FBE70E243D41EC9B5600FD /* CDVSplashScreen.m */,
				A608762C3F354B21BD709901 /* CDVViewController+SplashScreen.m */,
				61DA719E3A58494CBF731B65 /* CDVSplashScreen.h */,
				210D839A85514201A86BD966 /* CDVViewController+SplashScreen.h */,
				5D32B1EE771A4A87844D0986 /* CDVWKWebViewEngine.m */,
				D1D40F70A4934C04BB64F1F7 /* CDVWKWebViewUIDelegate.m */,
				FFD791C75D6B4B2D96638BED /* CDVWKProcessPoolFactory.m */,
				824B2C4C73BE4E678B26CAC9 /* GCDWebServer.m */,
				0C67D2F1510A44F8B8F23F22 /* GCDWebServerConnection.m */,
				507896FAD6C145B6B77DB9AB /* GCDWebServerFunctions.m */,
				F1E763D8991246E7BF88B3F8 /* GCDWebServerRequest.m */,
				84773D37B5E341CFBD61C15D /* GCDWebServerResponse.m */,
				38D803434C364848BABF125A /* GCDWebServerDataRequest.m */,
				6C68990C3680413C9CEFCAB8 /* GCDWebServerFileRequest.m */,
				2D03C7742C794F18A2842A4C /* GCDWebServerMultiPartFormRequest.m */,
				A9836042627D4AA58FAFA35E /* GCDWebServerURLEncodedFormRequest.m */,
				2447C5F96C7E43C08C8FA124 /* GCDWebServerDataResponse.m */,
				397F3C0D0253424089AFD77C /* GCDWebServerErrorResponse.m */,
				3F65E3CE222B4B31B97B2262 /* GCDWebServerFileResponse.m */,
				25D00A3AA5B44F35A2879CD7 /* GCDWebServerStreamedResponse.m */,
				B639EA7FDBE94EC0946E9B48 /* CDVWKWebViewEngine.h */,
				7E0A13552D75482D9631A097 /* CDVWKWebViewUIDelegate.h */,
				986E73E7AE1D4A6F8F23A13F /* CDVWKProcessPoolFactory.h */,
				1572927D54DC4DBF87FFE06B /* GCDWebServer.h */,
				ADCE8CA8CDAC4D24806E493C /* GCDWebServerConnection.h */,
				F3EB79FDBE274864A58ECC83 /* GCDWebServerFunctions.h */,
				26E8C2CE3DAE48C3A14FD62B /* GCDWebServerHTTPStatusCodes.h */,
				314052CCF201457D938E32A9 /* GCDWebServerPrivate.h */,
				C00878E3128E40999F567079 /* GCDWebServerRequest.h */,
				0B5AB15060D644EBA7D35FC9 /* GCDWebServerResponse.h */,
				169871C96D104F7A94F63925 /* GCDWebServerDataRequest.h */,
				660D441E32314B0D89047F43 /* GCDWebServerFileRequest.h */,
				2860351390B247C287316CA0 /* GCDWebServerMultiPartFormRequest.h */,
				D1CDAC1DCF4E46DC9A225EA1 /* GCDWebServerURLEncodedFormRequest.h */,
				7B636F5D1F3F4198B2014A34 /* GCDWebServerDataResponse.h */,
				150B642F1D2C49C5882A5265 /* GCDWebServerErrorResponse.h */,
				060CABCB8483471AA4A957D8 /* GCDWebServerFileResponse.h */,
				964F32ABE5534B08BCC7A2C8 /* GCDWebServerStreamedResponse.h */,
				0F4E78A546D2461FAD624987 /* CDVIonicKeyboard.m */,
				63122C86BB654A2B99CFC0A3 /* CDVIonicKeyboard.h */,
				B0CADD7FF2D34C4AA8C22D57 /* CDVStatusBar.m */,
				4C5B0B5E0C944E5FB116E053 /* CDVStatusBar.h */,
				6598B2F37ADB40C285BE37F9 /* IonicKeyboard.m */,
				3D242EC733064EDD845CB178 /* IonicKeyboard.h */,
				3BE4F765D23048EABC6BF919 /* CDVSplashScreen+IonicDeploy.m */,
				12AFEF3A65174A2D9676B5FB /* IonicConstant.m */,
				5746E90CDCFB42A8AD5F91EF /* IonicDeploy.m */,
				47C8EC91781846D2BD8B061A /* Download.m */,
				06DA34DC88B441C3B39EA062 /* DownloadManager.m */,
				B796BE3907E341179060ED63 /* SSZipArchive.m */,
				FB7FB089F7D3415FA9B0BDD9 /* ioapi.c */,
				7396BD252E4B48A58E0A2665 /* unzip.c */,
				072928AD64524FA8860A21D1 /* zip.c */,
				4C788BC94A75490BB2B943BA /* adler32.c */,
				8C39D1937CB64F0DB17A85AF /* compress.c */,
				80F9F3C4A9924EEAA99D8E48 /* crc32.c */,
				12248F2782A246BBA05ACD73 /* deflate.c */,
				24A8890A7A5F4548B6108E66 /* gzclose.c */,
				6E905E7A992641B6A51FF518 /* gzlib.c */,
				B33EEF7E0D8D484EB266C7DA /* gzread.c */,
				8C8788E2DC674584B91F88FD /* gzwrite.c */,
				B69450E605CF412AB1EF44BE /* infback.c */,
				6638A6F0369048FDBBA6389C /* inffast.c */,
				D32F284F927847EBAF54FE95 /* inflate.c */,
				0039D301D3A6455C91ED38C1 /* inftrees.c */,
				63FFDFF21E574E4497946688 /* trees.c */,
				093B7C50CCC74F1B88D9FC8B /* uncompr.c */,
				1F469E8DA51C42FBA119005E /* zutil.c */,
				9895EF9E96D94BF8AB52C468 /* Base64.m */,
				5734DB808D71460993DD43F8 /* UNIHTTPClientHelper.m */,
				D9F3A0047FD74916A23590DD /* UNIHTTPRequest.m */,
				BC03CF5502BA452596CB67E3 /* UNIHTTPRequestWithBody.m */,
				499FC369C47B4465AA81C129 /* UNIRest.m */,
				48AEEA88B3C1481387430A01 /* UNIUrlConnection.m */,
				9AAE7D341225496DAA35A406 /* UNIBaseRequest.m */,
				0B3D155A535A4EC790D509EA /* UNIBodyRequest.m */,
				448327DB3A144A5D836DD50B /* UNISimpleRequest.m */,
				7C7CFE2387CC46B8AC8C6480 /* UNIHTTPBinaryResponse.m */,
				AE680424E4274BCDBB836C25 /* UNIHTTPJsonResponse.m */,
				B216B90323BC4A65A5F25DF5 /* UNIHTTPResponse.m */,
				A4B02E272CFF48D5BA5FBBA0 /* UNIHTTPStringResponse.m */,
				81395B5A600343BC9A65E58C /* UNIJsonNode.m */,
				EB981FACE80641C188AF5807 /* IonicCordovaCommon.swift */,
				D2FFE977FF08403391C972BA /* CDVSplashScreen+IonicDeploy.h */,
				172208A8CFB74D638E69100F /* IonicConstant.h */,
				9BB9E4C6D83344F8BA3E579F /* IonicDeploy.h */,
				C0B0E69AFB154C869214EAA0 /* Download.h */,
				385F5E47650F41CABC29506C /* DownloadManager.h */,
				5A81C19F267F40709A100AD3 /* SSZipArchive.h */,
				A70933825FF24073B773C2D8 /* ARCHelper.h */,
				31F79A18495144A0AD3CC068 /* crypt.h */,
				5ABA194CF1F14404958F2F19 /* ioapi.h */,
				248063765EE840568011750A /* unzip.h */,
				BB0829A1319A4304AF2D3A5B /* zip.h */,
				D811A50D700643DA84C0C57A /* crc32.h */,
				8D339A7C72D84F03B0CD999E /* deflate.h */,
				4EF2C5EF1A5C4DCD8FDF4114 /* gzguts.h */,
				E9FC726FAFA74CF29F12B415 /* inffast.h */,
				F538170C867A4E16B48C2633 /* inffixed.h */,
				FE1344CC4F5348DAB4F2CE78 /* inflate.h */,
				9C314856CB99416EB95AA267 /* inftrees.h */,
				4FA0F62B77FD482ABFAA7351 /* trees.h */,
				193843BE83BC4FD599C53BC8 /* zconf.h */,
				5FEEE31B06954FB59604107D /* zlib.h */,
				F16F67054B3E41AF8AF3E481 /* zutil.h */,
				665AA937E7634DDEAF15FBF0 /* Base64.h */,
				BA8E1CDD30094E91BABFE1E0 /* UNIHTTPClientHelper.h */,
				258C9DC2013F4FE4B818FCA4 /* UNIHTTPRequest.h */,
				5AA2C2C9F4364ADB884904D4 /* UNIHTTPRequestWithBody.h */,
				8FFFE834B68A4C2EBE4AA94D /* Unirest-Prefix.pch */,
				7E5D0E9D65B94B3EA503840F /* UNIRest.h */,
				62645E57055F4834BE9DE8C3 /* UNIUrlConnection.h */,
				A4C1606C5F504ABEB6DBE6C5 /* UNIBaseRequest.h */,
				CB9B2C3C7AD34E26847F32F3 /* UNIBodyRequest.h */,
				B20972FFF3C24DBE9F2683DB /* UNISimpleRequest.h */,
				0369A36BE0F448789BFE635C /* UNIHTTPBinaryResponse.h */,
				60ADFCBB60784F91A3338A12 /* UNIHTTPJsonResponse.h */,
				D2DB79BE1B69401EAF805ABA /* UNIHTTPResponse.h */,
				2A62429B348B42278F2E7D11 /* UNIHTTPStringResponse.h */,
				6F37D7DC9B37451488211B6B /* UNIJsonNode.h */,
				819DCBE6C271436B90ECA774 /* AppDelegate+notification.m */,
				3BE654CA53354AF8B8058335 /* PushPlugin.m */,
				81E413BC701E4F959F0F3E16 /* AppDelegate+notification.h */,
				E1439BA8B5EA453CB5FA8E5F /* PushPlugin.h */,
			);
			name = Plugins;
			path = "MyApp/Plugins";
			sourceTree = SOURCE_ROOT;
		};
		EB87FDF11871DA420020F90C /* Staging */ = {
			isa = PBXGroup;
			children = (
				F840E1F0165FE0F500CFE078 /* config.xml */,
				301BF56E109A69640062928A /* www */,
			);
			name = Staging;
			sourceTree = "<group>";
		};
/* End PBXGroup section */

/* Begin PBXNativeTarget section */
		1D6058900D05DD3D006BFB54 /* MyApp */ = {
			isa = PBXNativeTarget;
			buildConfigurationList = 1D6058960D05DD3E006BFB54 /* Build configuration list for PBXNativeTarget "MyApp" */;
			buildPhases = (
				304B58A110DAC018002A0835 /* Copy www directory */,
				1D60588D0D05DD3D006BFB54 /* Resources */,
				1D60588E0D05DD3D006BFB54 /* Sources */,
				1D60588F0D05DD3D006BFB54 /* Frameworks */,
			);
			buildRules = (
			);
			dependencies = (
				301BF551109A68C00062928A /* PBXTargetDependency */,
			);
			name = "MyApp";
			productName = "MyApp";
			productReference = 1D6058910D05DD3D006BFB54 /* MyApp.app */;
			productType = "com.apple.product-type.application";
		};
/* End PBXNativeTarget section */

/* Begin PBXProject section */
		29B97313FDCFA39411CA2CEA /* Project object */ = {
			isa = PBXProject;
			attributes = {
				LastUpgradeCheck = 510;
			};
			buildConfigurationList = C01FCF4E08A954540054247B /* Build configuration list for PBXProject "__NON-CLI__" */;
			compatibilityVersion = "Xcode 3.2";
			developmentRegion = English;
			hasScannedForEncodings = 1;
			mainGroup = 29B97314FDCFA39411CA2CEA /* CustomTemplate */;
			projectDirPath = "";
			projectReferences = (
				{
					ProductGroup = 301BF52E109A57CC0062928A /* Products */;
					ProjectRef = 301BF52D109A57CC0062928A /* CordovaLib.xcodeproj */;
				},
			);
			projectRoot = "";
			targets = (
				1D6058900D05DD3D006BFB54 /* MyApp */,
			);
		};
/* End PBXProject section */

/* Begin PBXReferenceProxy section */
		301BF535109A57CC0062928A /* libCordova.a */ = {
			isa = PBXReferenceProxy;
			fileType = archive.ar;
			path = libCordova.a;
			remoteRef = 301BF534109A57CC0062928A /* PBXContainerItemProxy */;
			sourceTree = BUILT_PRODUCTS_DIR;
		};
/* End PBXReferenceProxy section */

/* Begin PBXResourcesBuildPhase section */
		1D60588D0D05DD3D006BFB54 /* Resources */ = {
			isa = PBXResourcesBuildPhase;
			buildActionMask = 2147483647;
			files = (
				302D95F214D2391D003F00A1 /* MainViewController.xib in Resources */,
				0207DA581B56EA530066E2B4 /* Images.xcassets in Resources */,
				6AFF5BF91D6E424B00AB3073 /* CDVLaunchScreen.storyboard in Resources */,
			);
			runOnlyForDeploymentPostprocessing = 0;
		};
/* End PBXResourcesBuildPhase section */

/* Begin PBXShellScriptBuildPhase section */
		304B58A110DAC018002A0835 /* Copy www directory */ = {
			isa = PBXShellScriptBuildPhase;
			buildActionMask = 2147483647;
			files = (
			);
			inputPaths = (
			);
			name = "Copy www directory";
			outputPaths = (
			);
			runOnlyForDeploymentPostprocessing = 0;
			shellPath = /bin/sh;
			shellScript = "NODEJS_PATH=/usr/local/bin; NVM_NODE_PATH=~/.nvm/versions/node/`nvm version 2>/dev/null`/bin; N_NODE_PATH=`find /usr/local/n/versions/node/* -maxdepth 0 -type d 2>/dev/null | tail -1`/bin; XCODE_NODE_PATH=`xcode-select --print-path`/usr/share/xcs/Node/bin; PATH=$NODEJS_PATH:$NVM_NODE_PATH:$N_NODE_PATH:$XCODE_NODE_PATH:$PATH && node cordova/lib/copy-www-build-step.js";
			showEnvVarsInLog = 0;
		};
/* End PBXShellScriptBuildPhase section */

/* Begin PBXSourcesBuildPhase section */
		1D60588E0D05DD3D006BFB54 /* Sources */ = {
			isa = PBXSourcesBuildPhase;
			buildActionMask = 2147483647;
			files = (
				1D60589B0D05DD56006BFB54 /* main.m in Sources */,
				1D3623260D0F684500981E51 /* AppDelegate.m in Sources */,
				302D95F114D2391D003F00A1 /* MainViewController.m in Sources */,
				D4A71620CE80482B8673DC0A /* NativeStorage.m in Sources */,
				7003B8CD2C8F4E5EBF400F8D /* CDVDevice.m in Sources */,
				0007C7586E8A40C88FAB658F /* CDVSplashScreen.m in Sources */,
				CF58749A649947AEA184C2B2 /* CDVViewController+SplashScreen.m in Sources */,
				671297550D3C4622A159CB28 /* CDVWKWebViewEngine.m in Sources */,
				9E1E1D39DFBE454AB4B7ED38 /* CDVWKWebViewUIDelegate.m in Sources */,
				7E5174923B204C7F8973E8AA /* CDVWKProcessPoolFactory.m in Sources */,
				15BDE9C277CE4FE3B8970302 /* GCDWebServer.m in Sources */,
				1B5E7F1A9F814AFBB2684083 /* GCDWebServerConnection.m in Sources */,
				D51D54D3BAAC421F834071D2 /* GCDWebServerFunctions.m in Sources */,
				E4AF7F94C6894E66BA18FCE5 /* GCDWebServerRequest.m in Sources */,
				FE41B0EAE824488F84D7045E /* GCDWebServerResponse.m in Sources */,
				5515DBFD13B4413FA8CE65D6 /* GCDWebServerDataRequest.m in Sources */,
				199C141FC53D44E28175F1B3 /* GCDWebServerFileRequest.m in Sources */,
				29F86F33FC5F4267AFFCC4D2 /* GCDWebServerMultiPartFormRequest.m in Sources */,
				CB56BB919A2C483C9A04180F /* GCDWebServerURLEncodedFormRequest.m in Sources */,
				55E8BA035A9647498626E069 /* GCDWebServerDataResponse.m in Sources */,
				02707AD0EB464C3C8A2A6D51 /* GCDWebServerErrorResponse.m in Sources */,
				1D9C7CD17891422DB9C45236 /* GCDWebServerFileResponse.m in Sources */,
				7BEC0D913A16494EAC28C195 /* GCDWebServerStreamedResponse.m in Sources */,
				BAF48D96827B4BA59D77C62B /* CDVIonicKeyboard.m in Sources */,
				A3443E2F378241F5AE3DA2D5 /* CDVStatusBar.m in Sources */,
				0D3CAA66644A41A1B2E31115 /* IonicKeyboard.m in Sources */,
				1AAB686D618E49D48D2426FF /* CDVSplashScreen+IonicDeploy.m in Sources */,
				E9A1256307BE4C9C86E378FE /* IonicConstant.m in Sources */,
				3B01A1CEF05244AE8C02564C /* IonicDeploy.m in Sources */,
				46F58456FB5E48D78CD23CB6 /* Download.m in Sources */,
				13E822A2313C41A7A4E8BAA3 /* DownloadManager.m in Sources */,
				A7669D4882EA4D929CD60883 /* SSZipArchive.m in Sources */,
				2569541041C748DFA2C259F0 /* ioapi.c in Resources */,
				15F8F7D4A61F405ABF288FC3 /* unzip.c in Resources */,
				7B0EBFDD8D4144828DA6A4F1 /* zip.c in Resources */,
				0093490BEDA24FAFA2AF49F4 /* adler32.c in Resources */,
				9D94732E58B94F3584FF98CA /* compress.c in Resources */,
				C51810654378477899897824 /* crc32.c in Resources */,
				9DE0FC0AE61F4506A2AC4AA3 /* deflate.c in Resources */,
				9561480FB5624BBE8393AE1F /* gzclose.c in Resources */,
				E809182C04EA4D43BE541329 /* gzlib.c in Resources */,
				5FA264931B8D4D07905726B3 /* gzread.c in Resources */,
				8A18B3E8EEA04496B395DE29 /* gzwrite.c in Resources */,
				56C0C2A22E5246439DA68C3A /* infback.c in Resources */,
				B804F28BB35C49A8B405327B /* inffast.c in Resources */,
				D78F3799342D4F4386C05275 /* inflate.c in Resources */,
				686736B68B574A7FA8162170 /* inftrees.c in Resources */,
				CF651991610B4A978D6D2D4D /* trees.c in Resources */,
				C8B15B0C933D42FC9DA48BAC /* uncompr.c in Resources */,
				2B07C3FF009146CFBAEA1DE2 /* zutil.c in Resources */,
				DC36AF0CCA1C415A86C6F481 /* Base64.m in Sources */,
				051ECD52AE234B13AB26EB54 /* UNIHTTPClientHelper.m in Sources */,
				7A5534C1F7D047E4BBE9FB34 /* UNIHTTPRequest.m in Sources */,
				71EB98939DD74840B55D995A /* UNIHTTPRequestWithBody.m in Sources */,
				5E89A1DD9C43454B9CD86FA6 /* UNIRest.m in Sources */,
				C3DA940FF2CF451D9DE13828 /* UNIUrlConnection.m in Sources */,
				EAFB2833AB56428E82FB2882 /* UNIBaseRequest.m in Sources */,
				CFC7E8C788A94DB3944BE4F9 /* UNIBodyRequest.m in Sources */,
				39484C44328644F9932933F2 /* UNISimpleRequest.m in Sources */,
				9DCDC99A64CF4333B6840E11 /* UNIHTTPBinaryResponse.m in Sources */,
				25BB29EEB6F64A30A421F311 /* UNIHTTPJsonResponse.m in Sources */,
				0560A40B83C745B0AAB0C5F7 /* UNIHTTPResponse.m in Sources */,
				A310FCE8FD494C689F1B2984 /* UNIHTTPStringResponse.m in Sources */,
				72B2BC111C45467DA531B20A /* UNIJsonNode.m in Sources */,
				F09FD0FBB1AF43D2B392AFA7 /* IonicCordovaCommon.swift in Sources */,
				83B800BCF12246DC82DE375F /* AppDelegate+notification.m in Sources */,
				D778DE573F4043ECB290060B /* PushPlugin.m in Sources */,
			);
			runOnlyForDeploymentPostprocessing = 0;
		};
/* End PBXSourcesBuildPhase section */

/* Begin PBXTargetDependency section */
		301BF551109A68C00062928A /* PBXTargetDependency */ = {
			isa = PBXTargetDependency;
			name = CordovaLib;
			targetProxy = 301BF550109A68C00062928A /* PBXContainerItemProxy */;
		};
/* End PBXTargetDependency section */

/* Begin XCBuildConfiguration section */
		1D6058940D05DD3E006BFB54 /* Debug */ = {
			isa = XCBuildConfiguration;
			baseConfigurationReference = 3047A50F1AB8059700498E2A /* build-debug.xcconfig */;
			buildSettings = {
				ALWAYS_SEARCH_USER_PATHS = NO;
				ASSETCATALOG_COMPILER_APPICON_NAME = AppIcon;
				ASSETCATALOG_COMPILER_LAUNCHIMAGE_NAME = LaunchImage;
				CLANG_ENABLE_MODULES = YES;
				CLANG_ENABLE_OBJC_ARC = YES;
				COPY_PHASE_STRIP = NO;
				GCC_DYNAMIC_NO_PIC = NO;
				GCC_OPTIMIZATION_LEVEL = 0;
				GCC_PRECOMPILE_PREFIX_HEADER = YES;
				GCC_PREFIX_HEADER = "MyApp/MyApp-Prefix.pch";
				GCC_THUMB_SUPPORT = NO;
				GCC_VERSION = "";
				INFOPLIST_FILE = "MyApp/MyApp-Info.plist";
				IPHONEOS_DEPLOYMENT_TARGET = 9.0;
				LD_RUNPATH_SEARCH_PATHS = "@executable_path/Frameworks";
				TARGETED_DEVICE_FAMILY = "1,2";
				PRODUCT_NAME = "MyApp";
				SWIFT_OBJC_BRIDGING_HEADER = "$(PROJECT_DIR)/$(PROJECT_NAME)/Bridging-Header.h";
				ALWAYS_EMBED_SWIFT_STANDARD_LIBRARIES = YES;
				SWIFT_VERSION = 3.0;
				SWIFT_OPTIMIZATION_LEVEL = "-Onone";
				FRAMEWORK_SEARCH_PATHS = (
					"$(inherited)",
					"\"MyApp/Plugins/cordova-plugin-fcm\"",
					"\"MyApp/Plugins/cordova-plugin-fcm\"",
					"\"MyApp/Plugins/cordova-plugin-fcm\"",
					"\"MyApp/Plugins/cordova-plugin-fcm\"",
					"\"MyApp/Plugins/cordova-plugin-fcm\"",
					"\"MyApp/Plugins/cordova-plugin-fcm\"",
					"\"MyApp/Plugins/cordova-plugin-fcm\"",
					"\"MyApp/Plugins/cordova-plugin-fcm\"",
				);
			};
			name = Debug;
		};
		1D6058950D05DD3E006BFB54 /* Release */ = {
			isa = XCBuildConfiguration;
			baseConfigurationReference = 3047A5101AB8059700498E2A /* build-release.xcconfig */;
			buildSettings = {
				ALWAYS_SEARCH_USER_PATHS = NO;
				ASSETCATALOG_COMPILER_APPICON_NAME = AppIcon;
				ASSETCATALOG_COMPILER_LAUNCHIMAGE_NAME = LaunchImage;
				CLANG_ENABLE_MODULES = YES;
				CLANG_ENABLE_OBJC_ARC = YES;
				COPY_PHASE_STRIP = YES;
				GCC_PRECOMPILE_PREFIX_HEADER = YES;
				GCC_PREFIX_HEADER = "MyApp/MyApp-Prefix.pch";
				GCC_THUMB_SUPPORT = NO;
				GCC_VERSION = "";
				INFOPLIST_FILE = "MyApp/MyApp-Info.plist";
				IPHONEOS_DEPLOYMENT_TARGET = 9.0;
				LD_RUNPATH_SEARCH_PATHS = "@executable_path/Frameworks";
				TARGETED_DEVICE_FAMILY = "1,2";
				PRODUCT_NAME = "MyApp";
				SWIFT_OBJC_BRIDGING_HEADER = "$(PROJECT_DIR)/$(PROJECT_NAME)/Bridging-Header.h";
				ALWAYS_EMBED_SWIFT_STANDARD_LIBRARIES = YES;
				SWIFT_VERSION = 3.0;
				FRAMEWORK_SEARCH_PATHS = (
					"$(inherited)",
					"\"MyApp/Plugins/cordova-plugin-fcm\"",
					"\"MyApp/Plugins/cordova-plugin-fcm\"",
					"\"MyApp/Plugins/cordova-plugin-fcm\"",
					"\"MyApp/Plugins/cordova-plugin-fcm\"",
					"\"MyApp/Plugins/cordova-plugin-fcm\"",
					"\"MyApp/Plugins/cordova-plugin-fcm\"",
					"\"MyApp/Plugins/cordova-plugin-fcm\"",
					"\"MyApp/Plugins/cordova-plugin-fcm\"",
				);
			};
			name = Release;
		};
		C01FCF4F08A954540054247B /* Debug */ = {
			isa = XCBuildConfiguration;
			baseConfigurationReference = 3047A5111AB8059700498E2A /* build.xcconfig */;
			buildSettings = {
				CLANG_ENABLE_MODULES = YES;
				CLANG_ENABLE_OBJC_ARC = YES;
				CLANG_WARN_BOOL_CONVERSION = YES;
				CLANG_WARN_CONSTANT_CONVERSION = YES;
				CLANG_WARN_EMPTY_BODY = YES;
				CLANG_WARN_ENUM_CONVERSION = YES;
				CLANG_WARN_INT_CONVERSION = YES;
				CLANG_WARN__DUPLICATE_METHOD_MATCH = YES;
				GCC_C_LANGUAGE_STANDARD = c99;
				GCC_THUMB_SUPPORT = NO;
				GCC_VERSION = "";
				GCC_WARN_ABOUT_RETURN_TYPE = YES;
				GCC_WARN_UNDECLARED_SELECTOR = YES;
				GCC_WARN_UNINITIALIZED_AUTOS = YES;
				GCC_WARN_UNUSED_FUNCTION = YES;
				GCC_WARN_UNUSED_VARIABLE = YES;
				ONLY_ACTIVE_ARCH = YES;
				SDKROOT = iphoneos;
				SKIP_INSTALL = NO;
				SWIFT_OBJC_BRIDGING_HEADER = "$(PROJECT_DIR)/$(PROJECT_NAME)/Bridging-Header.h";
				ALWAYS_EMBED_SWIFT_STANDARD_LIBRARIES = YES;
				SWIFT_VERSION = 3.0;
				SWIFT_OPTIMIZATION_LEVEL = "-Onone";
			};
			name = Debug;
		};
		C01FCF5008A954540054247B /* Release */ = {
			isa = XCBuildConfiguration;
			baseConfigurationReference = 3047A5111AB8059700498E2A /* build.xcconfig */;
			buildSettings = {
				CLANG_ENABLE_MODULES = YES;
				CLANG_ENABLE_OBJC_ARC = YES;
				CLANG_WARN_BOOL_CONVERSION = YES;
				CLANG_WARN_CONSTANT_CONVERSION = YES;
				CLANG_WARN_EMPTY_BODY = YES;
				CLANG_WARN_ENUM_CONVERSION = YES;
				CLANG_WARN_INT_CONVERSION = YES;
				CLANG_WARN__DUPLICATE_METHOD_MATCH = YES;
				GCC_C_LANGUAGE_STANDARD = c99;
				GCC_THUMB_SUPPORT = NO;
				GCC_VERSION = "";
				GCC_WARN_ABOUT_RETURN_TYPE = YES;
				GCC_WARN_UNDECLARED_SELECTOR = YES;
				GCC_WARN_UNINITIALIZED_AUTOS = YES;
				GCC_WARN_UNUSED_FUNCTION = YES;
				GCC_WARN_UNUSED_VARIABLE = YES;
				SDKROOT = iphoneos;
				SKIP_INSTALL = NO;
				SWIFT_OBJC_BRIDGING_HEADER = "$(PROJECT_DIR)/$(PROJECT_NAME)/Bridging-Header.h";
				ALWAYS_EMBED_SWIFT_STANDARD_LIBRARIES = YES;
				SWIFT_VERSION = 3.0;
			};
			name = Release;
		};
/* End XCBuildConfiguration section */

/* Begin XCConfigurationList section */
		1D6058960D05DD3E006BFB54 /* Build configuration list for PBXNativeTarget "MyApp" */ = {
			isa = XCConfigurationList;
			buildConfigurations = (
				1D6058940D05DD3E006BFB54 /* Debug */,
				1D6058950D05DD3E006BFB54 /* Release */,
			);
			defaultConfigurationIsVisible = 0;
			defaultConfigurationName = Release;
		};
		C01FCF4E08A954540054247B /* Build configuration list for PBXProject "__NON-CLI__" */ = {
			isa = XCConfigurationList;
			buildConfigurations = (
				C01FCF4F08A954540054247B /* Debug */,
				C01FCF5008A954540054247B /* Release */,
			);
			defaultConfigurationIsVisible = 0;
			defaultConfigurationName = Release;
		};
/* End XCConfigurationList section */
	};
	rootObject = 29B97313FDCFA39411CA2CEA /* Project object */;
}
